// !$*UTF8*$!
{
	archiveVersion = 1;
	classes = {
	};
	objectVersion = 51;
	objects = {

/* Begin PBXBuildFile section */
		4F015A0C266DE8BB003A7E52 /* CommentListAPI.swift in Sources */ = {isa = PBXBuildFile; fileRef = 4F015A0B266DE8BB003A7E52 /* CommentListAPI.swift */; };
		4F015A0E266DE93C003A7E52 /* CommentListAPIImpl.swift in Sources */ = {isa = PBXBuildFile; fileRef = 4F015A0D266DE93C003A7E52 /* CommentListAPIImpl.swift */; };
		4F015A10266E5668003A7E52 /* CommentListRepository.swift in Sources */ = {isa = PBXBuildFile; fileRef = 4F015A0F266E5668003A7E52 /* CommentListRepository.swift */; };
		4F015A12266E568D003A7E52 /* CommentListRepositoryImpl.swift in Sources */ = {isa = PBXBuildFile; fileRef = 4F015A11266E568D003A7E52 /* CommentListRepositoryImpl.swift */; };
		4F015A14266E56C6003A7E52 /* CommentListUseCase.swift in Sources */ = {isa = PBXBuildFile; fileRef = 4F015A13266E56C6003A7E52 /* CommentListUseCase.swift */; };
		4F015A16266E57AB003A7E52 /* CommentListViewModel.swift in Sources */ = {isa = PBXBuildFile; fileRef = 4F015A15266E57AB003A7E52 /* CommentListViewModel.swift */; };
		4F015A18266E57FE003A7E52 /* CommentListModel.swift in Sources */ = {isa = PBXBuildFile; fileRef = 4F015A17266E57FE003A7E52 /* CommentListModel.swift */; };
		4F015A1A266E5D04003A7E52 /* CommentContentView.swift in Sources */ = {isa = PBXBuildFile; fileRef = 4F015A19266E5D04003A7E52 /* CommentContentView.swift */; };
		4F015A1C266E5D10003A7E52 /* CommentContentView.xib in Resources */ = {isa = PBXBuildFile; fileRef = 4F015A1B266E5D10003A7E52 /* CommentContentView.xib */; };
		4F015A1E266E6057003A7E52 /* CommentContentConfiguration.swift in Sources */ = {isa = PBXBuildFile; fileRef = 4F015A1D266E6057003A7E52 /* CommentContentConfiguration.swift */; };
		4F10D96026725BFC0034AA48 /* ImageArticleBaseLoadMoreCollectoinViewCell.swift in Sources */ = {isa = PBXBuildFile; fileRef = 4F10D95F26725BFC0034AA48 /* ImageArticleBaseLoadMoreCollectoinViewCell.swift */; };
		4F10D967267263380034AA48 /* TVServices.framework in Frameworks */ = {isa = PBXBuildFile; fileRef = 4F10D966267263380034AA48 /* TVServices.framework */; };
		4F10D96A267263380034AA48 /* ContentProvider.swift in Sources */ = {isa = PBXBuildFile; fileRef = 4F10D969267263380034AA48 /* ContentProvider.swift */; };
		4F10D96E267263380034AA48 /* ClienTVTopShelfExtension.appex in Embed App Extensions */ = {isa = PBXBuildFile; fileRef = 4F10D965267263380034AA48 /* ClienTVTopShelfExtension.appex */; settings = {ATTRIBUTES = (RemoveHeadersOnCopy, ); }; };
		4F10D9852672666C0034AA48 /* ImageTopShelfLoader.swift in Sources */ = {isa = PBXBuildFile; fileRef = 4F10D9842672666C0034AA48 /* ImageTopShelfLoader.swift */; };
		4F10D98B2672670B0034AA48 /* ImageTopShelfSaver.swift in Sources */ = {isa = PBXBuildFile; fileRef = 4F10D98A2672670B0034AA48 /* ImageTopShelfSaver.swift */; };
		4F10D98F267268A90034AA48 /* ImageTopShelfConstant.swift in Sources */ = {isa = PBXBuildFile; fileRef = 4F10D98E267268A90034AA48 /* ImageTopShelfConstant.swift */; };
		4F1C88BB266CB40A004AC01C /* Comment.swift in Sources */ = {isa = PBXBuildFile; fileRef = 4F1C88BA266CB40A004AC01C /* Comment.swift */; };
		4F1C88BD266CB4B0004AC01C /* ArticleAPIImpl.swift in Sources */ = {isa = PBXBuildFile; fileRef = 4F1C88BC266CB4B0004AC01C /* ArticleAPIImpl.swift */; };
		4F1C88BF266CBEBC004AC01C /* ArticleRepository.swift in Sources */ = {isa = PBXBuildFile; fileRef = 4F1C88BE266CBEBC004AC01C /* ArticleRepository.swift */; };
		4F1C88C1266CBEDE004AC01C /* ArticleRepositoryImpl.swift in Sources */ = {isa = PBXBuildFile; fileRef = 4F1C88C0266CBEDE004AC01C /* ArticleRepositoryImpl.swift */; };
		4F1C88C3266CBF0E004AC01C /* ArticleUseCase.swift in Sources */ = {isa = PBXBuildFile; fileRef = 4F1C88C2266CBF0E004AC01C /* ArticleUseCase.swift */; };
		4F1C88C5266CC0DA004AC01C /* ArticleViewController.xib in Resources */ = {isa = PBXBuildFile; fileRef = 4F1C88C4266CC0DA004AC01C /* ArticleViewController.xib */; };
		4F1C88C8266CC113004AC01C /* UIViewController+loadFromNib.swift in Sources */ = {isa = PBXBuildFile; fileRef = 4F1C88C7266CC113004AC01C /* UIViewController+loadFromNib.swift */; };
		4F1C88CA266CC5F9004AC01C /* ArticleViewModel.swift in Sources */ = {isa = PBXBuildFile; fileRef = 4F1C88C9266CC5F9004AC01C /* ArticleViewModel.swift */; };
		4F1C88D4266CD702004AC01C /* String+HTML.swift in Sources */ = {isa = PBXBuildFile; fileRef = 4F1C88D3266CD702004AC01C /* String+HTML.swift */; };
		4F1C88D8266CDF74004AC01C /* CommentListViewController.swift in Sources */ = {isa = PBXBuildFile; fileRef = 4F1C88D7266CDF74004AC01C /* CommentListViewController.swift */; };
		4F55A1D1266A5F2A00429B3E /* ArticleBaseContentView.swift in Sources */ = {isa = PBXBuildFile; fileRef = 4F55A1D0266A5F2A00429B3E /* ArticleBaseContentView.swift */; };
		4F55A1D3266A621200429B3E /* UIView+loadFromNib.swift in Sources */ = {isa = PBXBuildFile; fileRef = 4F55A1D2266A621200429B3E /* UIView+loadFromNib.swift */; };
		4F55A1DB266A9AA100429B3E /* ProcessInfo+isTestMode.swift in Sources */ = {isa = PBXBuildFile; fileRef = 4F55A1DA266A9AA100429B3E /* ProcessInfo+isTestMode.swift */; };
		4F55A1DD266A9D0100429B3E /* ArticleAPI.swift in Sources */ = {isa = PBXBuildFile; fileRef = 4F55A1DC266A9D0100429B3E /* ArticleAPI.swift */; };
		4F56557C266F66E8009EE630 /* String+toFloat.swift in Sources */ = {isa = PBXBuildFile; fileRef = 4F56557B266F66E8009EE630 /* String+toFloat.swift */; };
		4F604105267175120067A364 /* ImageArticleBaseListRepository.swift in Sources */ = {isa = PBXBuildFile; fileRef = 4F604104267175120067A364 /* ImageArticleBaseListRepository.swift */; };
		4F6041072671752D0067A364 /* ImageArticleBaseListRepositoryImpl.swift in Sources */ = {isa = PBXBuildFile; fileRef = 4F6041062671752D0067A364 /* ImageArticleBaseListRepositoryImpl.swift */; };
		4F6041092671756D0067A364 /* ImageArticleBaseListUseCase.swift in Sources */ = {isa = PBXBuildFile; fileRef = 4F6041082671756D0067A364 /* ImageArticleBaseListUseCase.swift */; };
		4F60410E267175F90067A364 /* BoardListUseCaseTest.swift in Sources */ = {isa = PBXBuildFile; fileRef = 4F60410D267175F90067A364 /* BoardListUseCaseTest.swift */; };
		4F604110267176040067A364 /* ArticleBaseListUseCaseTest.swift in Sources */ = {isa = PBXBuildFile; fileRef = 4F60410F267176040067A364 /* ArticleBaseListUseCaseTest.swift */; };
		4F6041122671761D0067A364 /* ArticleUseCaseTest.swift in Sources */ = {isa = PBXBuildFile; fileRef = 4F6041112671761D0067A364 /* ArticleUseCaseTest.swift */; };
		4F604114267176250067A364 /* CommentListUseCaseTest.swift in Sources */ = {isa = PBXBuildFile; fileRef = 4F604113267176250067A364 /* CommentListUseCaseTest.swift */; };
		4F6041162671762D0067A364 /* ImageArticleBaseListUseCaseTest.swift in Sources */ = {isa = PBXBuildFile; fileRef = 4F6041152671762D0067A364 /* ImageArticleBaseListUseCaseTest.swift */; };
		4F6041192671775B0067A364 /* ImageArticleBaseListViewController.swift in Sources */ = {isa = PBXBuildFile; fileRef = 4F6041182671775B0067A364 /* ImageArticleBaseListViewController.swift */; };
		4F60411B26717ADD0067A364 /* ImageArticleBaseListViewModel.swift in Sources */ = {isa = PBXBuildFile; fileRef = 4F60411A26717ADD0067A364 /* ImageArticleBaseListViewModel.swift */; };
		4F60411D26717AE30067A364 /* ImageArticleBaseListModel.swift in Sources */ = {isa = PBXBuildFile; fileRef = 4F60411C26717AE30067A364 /* ImageArticleBaseListModel.swift */; };
		4F60411F267187800067A364 /* ImageArticleBaseCollectoinViewCell.swift in Sources */ = {isa = PBXBuildFile; fileRef = 4F60411E267187800067A364 /* ImageArticleBaseCollectoinViewCell.swift */; };
		4FCD9C00266F43790003531B /* UICollectionViewCell+reuseIdentifier.swift in Sources */ = {isa = PBXBuildFile; fileRef = 4FCD9BFF266F43790003531B /* UICollectionViewCell+reuseIdentifier.swift */; };
		4FD598632670ABAD00BB6BC6 /* ImageArticleBase.swift in Sources */ = {isa = PBXBuildFile; fileRef = 4FD598612670ABAD00BB6BC6 /* ImageArticleBase.swift */; };
		4FD598692670ACCB00BB6BC6 /* ImageArticleBaseListAPI.swift in Sources */ = {isa = PBXBuildFile; fileRef = 4FD598672670ACCB00BB6BC6 /* ImageArticleBaseListAPI.swift */; };
		4FD5986C2670ACDB00BB6BC6 /* ImageArticleBaseListAPIImpl.swift in Sources */ = {isa = PBXBuildFile; fileRef = 4FD5986A2670ACDB00BB6BC6 /* ImageArticleBaseListAPIImpl.swift */; };
		4FD598702670ADB800BB6BC6 /* ClienDateFormatter.swift in Sources */ = {isa = PBXBuildFile; fileRef = 4FD5986E2670ADB800BB6BC6 /* ClienDateFormatter.swift */; };
		4FF70EE42667C94400FDC680 /* AppDelegate.swift in Sources */ = {isa = PBXBuildFile; fileRef = 4FF70EE32667C94400FDC680 /* AppDelegate.swift */; };
		4FF70EEB2667C94500FDC680 /* Assets.xcassets in Resources */ = {isa = PBXBuildFile; fileRef = 4FF70EEA2667C94500FDC680 /* Assets.xcassets */; };
		4FF70EEE2667C94500FDC680 /* LaunchScreen.storyboard in Resources */ = {isa = PBXBuildFile; fileRef = 4FF70EEC2667C94500FDC680 /* LaunchScreen.storyboard */; };
		4FF70EF92667C94500FDC680 /* ClienTVTests.swift in Sources */ = {isa = PBXBuildFile; fileRef = 4FF70EF82667C94500FDC680 /* ClienTVTests.swift */; };
		4FF70F042667C94500FDC680 /* ClienTVUITests.swift in Sources */ = {isa = PBXBuildFile; fileRef = 4FF70F032667C94500FDC680 /* ClienTVUITests.swift */; };
		4FF70F1F2667C96000FDC680 /* ClienTVAPI.framework in Frameworks */ = {isa = PBXBuildFile; fileRef = 4FF70F162667C96000FDC680 /* ClienTVAPI.framework */; };
		4FF70F282667C96000FDC680 /* ClienTVAPI.h in Headers */ = {isa = PBXBuildFile; fileRef = 4FF70F182667C96000FDC680 /* ClienTVAPI.h */; settings = {ATTRIBUTES = (Public, ); }; };
		4FF70F2B2667C96000FDC680 /* ClienTVAPI.framework in Frameworks */ = {isa = PBXBuildFile; fileRef = 4FF70F162667C96000FDC680 /* ClienTVAPI.framework */; };
		4FF70F2C2667C96000FDC680 /* ClienTVAPI.framework in Embed Frameworks */ = {isa = PBXBuildFile; fileRef = 4FF70F162667C96000FDC680 /* ClienTVAPI.framework */; settings = {ATTRIBUTES = (CodeSignOnCopy, RemoveHeadersOnCopy, ); }; };
		4FF70F382667CA1000FDC680 /* BoardListAPI.swift in Sources */ = {isa = PBXBuildFile; fileRef = 4FF70F372667CA1000FDC680 /* BoardListAPI.swift */; };
		4FF70F3B2667CA2400FDC680 /* Board.swift in Sources */ = {isa = PBXBuildFile; fileRef = 4FF70F3A2667CA2400FDC680 /* Board.swift */; };
		4FF70F3D2667CBE900FDC680 /* BoardListAPIImpl.swift in Sources */ = {isa = PBXBuildFile; fileRef = 4FF70F3C2667CBE900FDC680 /* BoardListAPIImpl.swift */; };
		4FF70F3F2667DC5400FDC680 /* MapKit.framework in Frameworks */ = {isa = PBXBuildFile; fileRef = 4FF70F3E2667DC5400FDC680 /* MapKit.framework */; };
		4FF70F4526689F0F00FDC680 /* Logger+shared.swift in Sources */ = {isa = PBXBuildFile; fileRef = 4FF70F4426689F0F00FDC680 /* Logger+shared.swift */; };
		4FF70F472668D35000FDC680 /* ArticleBaseListAPI.swift in Sources */ = {isa = PBXBuildFile; fileRef = 4FF70F462668D35000FDC680 /* ArticleBaseListAPI.swift */; };
		4FF70F492668D36500FDC680 /* ArticleBaseListAPIImpl.swift in Sources */ = {isa = PBXBuildFile; fileRef = 4FF70F482668D36500FDC680 /* ArticleBaseListAPIImpl.swift */; };
		4FF70F4B2668D38B00FDC680 /* ArticleBase.swift in Sources */ = {isa = PBXBuildFile; fileRef = 4FF70F4A2668D38B00FDC680 /* ArticleBase.swift */; };
		4FF70F4D2668D39C00FDC680 /* Article.swift in Sources */ = {isa = PBXBuildFile; fileRef = 4FF70F4C2668D39C00FDC680 /* Article.swift */; };
		4FF70F502668D6C800FDC680 /* ClienURLFactory.swift in Sources */ = {isa = PBXBuildFile; fileRef = 4FF70F4F2668D6C800FDC680 /* ClienURLFactory.swift */; };
		4FF70F522668E03700FDC680 /* String+toInt.swift in Sources */ = {isa = PBXBuildFile; fileRef = 4FF70F512668E03700FDC680 /* String+toInt.swift */; };
		4FF70F572669043F00FDC680 /* MainTabBarController.swift in Sources */ = {isa = PBXBuildFile; fileRef = 4FF70F562669043F00FDC680 /* MainTabBarController.swift */; };
		4FF70F5E2669068F00FDC680 /* BoardListViewController.swift in Sources */ = {isa = PBXBuildFile; fileRef = 4FF70F5D2669068F00FDC680 /* BoardListViewController.swift */; };
		4FF70F61266906A800FDC680 /* ArticleBaseListViewController.swift in Sources */ = {isa = PBXBuildFile; fileRef = 4FF70F60266906A800FDC680 /* ArticleBaseListViewController.swift */; };
		4FF70F65266906C100FDC680 /* SettingsViewController.swift in Sources */ = {isa = PBXBuildFile; fileRef = 4FF70F64266906C100FDC680 /* SettingsViewController.swift */; };
		4FF70F682669070E00FDC680 /* ArticleViewController.swift in Sources */ = {isa = PBXBuildFile; fileRef = 4FF70F672669070E00FDC680 /* ArticleViewController.swift */; };
		4FF70F6B2669073F00FDC680 /* HomeSplitViewController.swift in Sources */ = {isa = PBXBuildFile; fileRef = 4FF70F6A2669073F00FDC680 /* HomeSplitViewController.swift */; };
		4FF70F70266925EA00FDC680 /* BoardListRepository.swift in Sources */ = {isa = PBXBuildFile; fileRef = 4FF70F6F266925EA00FDC680 /* BoardListRepository.swift */; };
		4FF70F722669261700FDC680 /* BoardListRepositoryImpl.swift in Sources */ = {isa = PBXBuildFile; fileRef = 4FF70F712669261700FDC680 /* BoardListRepositoryImpl.swift */; };
		4FF70F742669289900FDC680 /* ArticleBaseListRepository.swift in Sources */ = {isa = PBXBuildFile; fileRef = 4FF70F732669289900FDC680 /* ArticleBaseListRepository.swift */; };
		4FF70F76266928A900FDC680 /* ArticleBaseListRepositoryImpl.swift in Sources */ = {isa = PBXBuildFile; fileRef = 4FF70F75266928A900FDC680 /* ArticleBaseListRepositoryImpl.swift */; };
		4FF70F7826692B2200FDC680 /* BoardListUseCase.swift in Sources */ = {isa = PBXBuildFile; fileRef = 4FF70F7726692B2200FDC680 /* BoardListUseCase.swift */; };
		4FF70F7A26692EBD00FDC680 /* ArticleBaseListUseCase.swift in Sources */ = {isa = PBXBuildFile; fileRef = 4FF70F7926692EBD00FDC680 /* ArticleBaseListUseCase.swift */; };
		4FF70F7E2669376000FDC680 /* ArticleBaseListViewModel.swift in Sources */ = {isa = PBXBuildFile; fileRef = 4FF70F7D2669376000FDC680 /* ArticleBaseListViewModel.swift */; };
		4FF70F80266938E600FDC680 /* ArticleBaseListModel.swift in Sources */ = {isa = PBXBuildFile; fileRef = 4FF70F7F266938E600FDC680 /* ArticleBaseListModel.swift */; };
		4FF70F8226693C5800FDC680 /* BoardListViewModel.swift in Sources */ = {isa = PBXBuildFile; fileRef = 4FF70F8126693C5800FDC680 /* BoardListViewModel.swift */; };
		4FF70F8426693C7900FDC680 /* BoardListModel.swift in Sources */ = {isa = PBXBuildFile; fileRef = 4FF70F8326693C7900FDC680 /* BoardListModel.swift */; };
		98B29A0F02991F88EA5AAAC6 /* Pods_ClienTV.framework in Frameworks */ = {isa = PBXBuildFile; fileRef = AA149CCAA9FE7F51B21FB631 /* Pods_ClienTV.framework */; };
		A43050FEE2953D6F28C4F9BD /* Pods_ClienTVAPI.framework in Frameworks */ = {isa = PBXBuildFile; fileRef = 9CE3BCDDCCE1DCB4AF6C4E41 /* Pods_ClienTVAPI.framework */; };
		F3096DB32669CDF60006E093 /* NSDiffableDataSourceSnapshot+Item.swift in Sources */ = {isa = PBXBuildFile; fileRef = F3096DB22669CDF60006E093 /* NSDiffableDataSourceSnapshot+Item.swift */; };
		F3096DB52669E4B60006E093 /* UIViewController+ErrorAlert.swift in Sources */ = {isa = PBXBuildFile; fileRef = F3096DB42669E4B60006E093 /* UIViewController+ErrorAlert.swift */; };
		F37E93CD26733804005AA37E /* ImageTopShelfConstant.swift in Sources */ = {isa = PBXBuildFile; fileRef = F37E93CB26733804005AA37E /* ImageTopShelfConstant.swift */; };
		F37E93D0267346BB005AA37E /* Logger+shared.swift in Sources */ = {isa = PBXBuildFile; fileRef = F37E93CF267346BB005AA37E /* Logger+shared.swift */; };
		F37E93D326734704005AA37E /* Logger+shared.swift in Sources */ = {isa = PBXBuildFile; fileRef = F37E93D226734704005AA37E /* Logger+shared.swift */; };
		F37E93D626734A91005AA37E /* ImageTopShelfData+Helper.swift in Sources */ = {isa = PBXBuildFile; fileRef = F37E93D526734A91005AA37E /* ImageTopShelfData+Helper.swift */; };
		F37E93DE26735AF7005AA37E /* ImageTopShelfData.swift in Sources */ = {isa = PBXBuildFile; fileRef = F37E93DD26735AF7005AA37E /* ImageTopShelfData.swift */; };
		F37E93E026735C53005AA37E /* ImageTopShelfData.swift in Sources */ = {isa = PBXBuildFile; fileRef = F37E93DF26735C53005AA37E /* ImageTopShelfData.swift */; };
		F37E93E326736395005AA37E /* ShortcutService.swift in Sources */ = {isa = PBXBuildFile; fileRef = F37E93E226736395005AA37E /* ShortcutService.swift */; };
		F3D318E6266A27A800B579E6 /* ArticleBaseContentConfiguration.swift in Sources */ = {isa = PBXBuildFile; fileRef = F3D318E5266A27A800B579E6 /* ArticleBaseContentConfiguration.swift */; };
		F3D318E8266A2A0C00B579E6 /* ArticleBaseContentView.xib in Resources */ = {isa = PBXBuildFile; fileRef = F3D318E7266A2A0C00B579E6 /* ArticleBaseContentView.xib */; };
/* End PBXBuildFile section */

/* Begin PBXContainerItemProxy section */
		4F10D96C267263380034AA48 /* PBXContainerItemProxy */ = {
			isa = PBXContainerItemProxy;
			containerPortal = 4FF70ED82667C94400FDC680 /* Project object */;
			proxyType = 1;
			remoteGlobalIDString = 4F10D964267263380034AA48;
			remoteInfo = ClienTVTopShelfExtension;
		};
		4FF70EF52667C94500FDC680 /* PBXContainerItemProxy */ = {
			isa = PBXContainerItemProxy;
			containerPortal = 4FF70ED82667C94400FDC680 /* Project object */;
			proxyType = 1;
			remoteGlobalIDString = 4FF70EDF2667C94400FDC680;
			remoteInfo = ClienTV;
		};
		4FF70F002667C94500FDC680 /* PBXContainerItemProxy */ = {
			isa = PBXContainerItemProxy;
			containerPortal = 4FF70ED82667C94400FDC680 /* Project object */;
			proxyType = 1;
			remoteGlobalIDString = 4FF70EDF2667C94400FDC680;
			remoteInfo = ClienTV;
		};
		4FF70F202667C96000FDC680 /* PBXContainerItemProxy */ = {
			isa = PBXContainerItemProxy;
			containerPortal = 4FF70ED82667C94400FDC680 /* Project object */;
			proxyType = 1;
			remoteGlobalIDString = 4FF70F152667C96000FDC680;
			remoteInfo = ClienTVAPI;
		};
		4FF70F222667C96000FDC680 /* PBXContainerItemProxy */ = {
			isa = PBXContainerItemProxy;
			containerPortal = 4FF70ED82667C94400FDC680 /* Project object */;
			proxyType = 1;
			remoteGlobalIDString = 4FF70EDF2667C94400FDC680;
			remoteInfo = ClienTV;
		};
		4FF70F292667C96000FDC680 /* PBXContainerItemProxy */ = {
			isa = PBXContainerItemProxy;
			containerPortal = 4FF70ED82667C94400FDC680 /* Project object */;
			proxyType = 1;
			remoteGlobalIDString = 4FF70F152667C96000FDC680;
			remoteInfo = ClienTVAPI;
		};
/* End PBXContainerItemProxy section */

/* Begin PBXCopyFilesBuildPhase section */
		4F10D972267263380034AA48 /* Embed App Extensions */ = {
			isa = PBXCopyFilesBuildPhase;
			buildActionMask = 2147483647;
			dstPath = "";
			dstSubfolderSpec = 13;
			files = (
				4F10D96E267263380034AA48 /* ClienTVTopShelfExtension.appex in Embed App Extensions */,
			);
			name = "Embed App Extensions";
			runOnlyForDeploymentPostprocessing = 0;
		};
		4FF70F2D2667C96000FDC680 /* Embed Frameworks */ = {
			isa = PBXCopyFilesBuildPhase;
			buildActionMask = 2147483647;
			dstPath = "";
			dstSubfolderSpec = 10;
			files = (
				4FF70F2C2667C96000FDC680 /* ClienTVAPI.framework in Embed Frameworks */,
			);
			name = "Embed Frameworks";
			runOnlyForDeploymentPostprocessing = 0;
		};
/* End PBXCopyFilesBuildPhase section */

/* Begin PBXFileReference section */
		4F015A0B266DE8BB003A7E52 /* CommentListAPI.swift */ = {isa = PBXFileReference; lastKnownFileType = sourcecode.swift; path = CommentListAPI.swift; sourceTree = "<group>"; };
		4F015A0D266DE93C003A7E52 /* CommentListAPIImpl.swift */ = {isa = PBXFileReference; lastKnownFileType = sourcecode.swift; path = CommentListAPIImpl.swift; sourceTree = "<group>"; };
		4F015A0F266E5668003A7E52 /* CommentListRepository.swift */ = {isa = PBXFileReference; lastKnownFileType = sourcecode.swift; path = CommentListRepository.swift; sourceTree = "<group>"; };
		4F015A11266E568D003A7E52 /* CommentListRepositoryImpl.swift */ = {isa = PBXFileReference; lastKnownFileType = sourcecode.swift; path = CommentListRepositoryImpl.swift; sourceTree = "<group>"; };
		4F015A13266E56C6003A7E52 /* CommentListUseCase.swift */ = {isa = PBXFileReference; lastKnownFileType = sourcecode.swift; path = CommentListUseCase.swift; sourceTree = "<group>"; };
		4F015A15266E57AB003A7E52 /* CommentListViewModel.swift */ = {isa = PBXFileReference; lastKnownFileType = sourcecode.swift; path = CommentListViewModel.swift; sourceTree = "<group>"; };
		4F015A17266E57FE003A7E52 /* CommentListModel.swift */ = {isa = PBXFileReference; lastKnownFileType = sourcecode.swift; path = CommentListModel.swift; sourceTree = "<group>"; };
		4F015A19266E5D04003A7E52 /* CommentContentView.swift */ = {isa = PBXFileReference; lastKnownFileType = sourcecode.swift; path = CommentContentView.swift; sourceTree = "<group>"; };
		4F015A1B266E5D10003A7E52 /* CommentContentView.xib */ = {isa = PBXFileReference; lastKnownFileType = file.xib; path = CommentContentView.xib; sourceTree = "<group>"; };
		4F015A1D266E6057003A7E52 /* CommentContentConfiguration.swift */ = {isa = PBXFileReference; lastKnownFileType = sourcecode.swift; path = CommentContentConfiguration.swift; sourceTree = "<group>"; };
		4F10D95F26725BFC0034AA48 /* ImageArticleBaseLoadMoreCollectoinViewCell.swift */ = {isa = PBXFileReference; lastKnownFileType = sourcecode.swift; path = ImageArticleBaseLoadMoreCollectoinViewCell.swift; sourceTree = "<group>"; };
		4F10D965267263380034AA48 /* ClienTVTopShelfExtension.appex */ = {isa = PBXFileReference; explicitFileType = "wrapper.app-extension"; includeInIndex = 0; path = ClienTVTopShelfExtension.appex; sourceTree = BUILT_PRODUCTS_DIR; };
		4F10D966267263380034AA48 /* TVServices.framework */ = {isa = PBXFileReference; lastKnownFileType = wrapper.framework; name = TVServices.framework; path = System/Library/Frameworks/TVServices.framework; sourceTree = SDKROOT; };
		4F10D969267263380034AA48 /* ContentProvider.swift */ = {isa = PBXFileReference; lastKnownFileType = sourcecode.swift; path = ContentProvider.swift; sourceTree = "<group>"; };
		4F10D96B267263380034AA48 /* Info.plist */ = {isa = PBXFileReference; lastKnownFileType = text.plist.xml; path = Info.plist; sourceTree = "<group>"; };
		4F10D9732672633F0034AA48 /* ClienTVTopShelfExtension.entitlements */ = {isa = PBXFileReference; lastKnownFileType = text.plist.entitlements; path = ClienTVTopShelfExtension.entitlements; sourceTree = "<group>"; };
		4F10D9842672666C0034AA48 /* ImageTopShelfLoader.swift */ = {isa = PBXFileReference; lastKnownFileType = sourcecode.swift; path = ImageTopShelfLoader.swift; sourceTree = "<group>"; };
		4F10D98A2672670B0034AA48 /* ImageTopShelfSaver.swift */ = {isa = PBXFileReference; lastKnownFileType = sourcecode.swift; path = ImageTopShelfSaver.swift; sourceTree = "<group>"; };
		4F10D98E267268A90034AA48 /* ImageTopShelfConstant.swift */ = {isa = PBXFileReference; lastKnownFileType = sourcecode.swift; path = ImageTopShelfConstant.swift; sourceTree = "<group>"; };
		4F1C88BA266CB40A004AC01C /* Comment.swift */ = {isa = PBXFileReference; lastKnownFileType = sourcecode.swift; path = Comment.swift; sourceTree = "<group>"; };
		4F1C88BC266CB4B0004AC01C /* ArticleAPIImpl.swift */ = {isa = PBXFileReference; lastKnownFileType = sourcecode.swift; path = ArticleAPIImpl.swift; sourceTree = "<group>"; };
		4F1C88BE266CBEBC004AC01C /* ArticleRepository.swift */ = {isa = PBXFileReference; lastKnownFileType = sourcecode.swift; path = ArticleRepository.swift; sourceTree = "<group>"; };
		4F1C88C0266CBEDE004AC01C /* ArticleRepositoryImpl.swift */ = {isa = PBXFileReference; lastKnownFileType = sourcecode.swift; path = ArticleRepositoryImpl.swift; sourceTree = "<group>"; };
		4F1C88C2266CBF0E004AC01C /* ArticleUseCase.swift */ = {isa = PBXFileReference; lastKnownFileType = sourcecode.swift; path = ArticleUseCase.swift; sourceTree = "<group>"; };
		4F1C88C4266CC0DA004AC01C /* ArticleViewController.xib */ = {isa = PBXFileReference; lastKnownFileType = file.xib; path = ArticleViewController.xib; sourceTree = "<group>"; };
		4F1C88C7266CC113004AC01C /* UIViewController+loadFromNib.swift */ = {isa = PBXFileReference; lastKnownFileType = sourcecode.swift; path = "UIViewController+loadFromNib.swift"; sourceTree = "<group>"; };
		4F1C88C9266CC5F9004AC01C /* ArticleViewModel.swift */ = {isa = PBXFileReference; lastKnownFileType = sourcecode.swift; path = ArticleViewModel.swift; sourceTree = "<group>"; };
		4F1C88D3266CD702004AC01C /* String+HTML.swift */ = {isa = PBXFileReference; lastKnownFileType = sourcecode.swift; path = "String+HTML.swift"; sourceTree = "<group>"; };
		4F1C88D7266CDF74004AC01C /* CommentListViewController.swift */ = {isa = PBXFileReference; lastKnownFileType = sourcecode.swift; path = CommentListViewController.swift; sourceTree = "<group>"; };
		4F55A1D0266A5F2A00429B3E /* ArticleBaseContentView.swift */ = {isa = PBXFileReference; lastKnownFileType = sourcecode.swift; path = ArticleBaseContentView.swift; sourceTree = "<group>"; };
		4F55A1D2266A621200429B3E /* UIView+loadFromNib.swift */ = {isa = PBXFileReference; lastKnownFileType = sourcecode.swift; path = "UIView+loadFromNib.swift"; sourceTree = "<group>"; };
		4F55A1DA266A9AA100429B3E /* ProcessInfo+isTestMode.swift */ = {isa = PBXFileReference; lastKnownFileType = sourcecode.swift; path = "ProcessInfo+isTestMode.swift"; sourceTree = "<group>"; };
		4F55A1DC266A9D0100429B3E /* ArticleAPI.swift */ = {isa = PBXFileReference; lastKnownFileType = sourcecode.swift; path = ArticleAPI.swift; sourceTree = "<group>"; };
		4F56557B266F66E8009EE630 /* String+toFloat.swift */ = {isa = PBXFileReference; lastKnownFileType = sourcecode.swift; path = "String+toFloat.swift"; sourceTree = "<group>"; };
		4F604104267175120067A364 /* ImageArticleBaseListRepository.swift */ = {isa = PBXFileReference; lastKnownFileType = sourcecode.swift; path = ImageArticleBaseListRepository.swift; sourceTree = "<group>"; };
		4F6041062671752D0067A364 /* ImageArticleBaseListRepositoryImpl.swift */ = {isa = PBXFileReference; lastKnownFileType = sourcecode.swift; path = ImageArticleBaseListRepositoryImpl.swift; sourceTree = "<group>"; };
		4F6041082671756D0067A364 /* ImageArticleBaseListUseCase.swift */ = {isa = PBXFileReference; lastKnownFileType = sourcecode.swift; path = ImageArticleBaseListUseCase.swift; sourceTree = "<group>"; };
		4F60410D267175F90067A364 /* BoardListUseCaseTest.swift */ = {isa = PBXFileReference; lastKnownFileType = sourcecode.swift; path = BoardListUseCaseTest.swift; sourceTree = "<group>"; };
		4F60410F267176040067A364 /* ArticleBaseListUseCaseTest.swift */ = {isa = PBXFileReference; lastKnownFileType = sourcecode.swift; path = ArticleBaseListUseCaseTest.swift; sourceTree = "<group>"; };
		4F6041112671761D0067A364 /* ArticleUseCaseTest.swift */ = {isa = PBXFileReference; lastKnownFileType = sourcecode.swift; path = ArticleUseCaseTest.swift; sourceTree = "<group>"; };
		4F604113267176250067A364 /* CommentListUseCaseTest.swift */ = {isa = PBXFileReference; lastKnownFileType = sourcecode.swift; path = CommentListUseCaseTest.swift; sourceTree = "<group>"; };
		4F6041152671762D0067A364 /* ImageArticleBaseListUseCaseTest.swift */ = {isa = PBXFileReference; lastKnownFileType = sourcecode.swift; path = ImageArticleBaseListUseCaseTest.swift; sourceTree = "<group>"; };
		4F6041182671775B0067A364 /* ImageArticleBaseListViewController.swift */ = {isa = PBXFileReference; lastKnownFileType = sourcecode.swift; path = ImageArticleBaseListViewController.swift; sourceTree = "<group>"; };
		4F60411A26717ADD0067A364 /* ImageArticleBaseListViewModel.swift */ = {isa = PBXFileReference; lastKnownFileType = sourcecode.swift; path = ImageArticleBaseListViewModel.swift; sourceTree = "<group>"; };
		4F60411C26717AE30067A364 /* ImageArticleBaseListModel.swift */ = {isa = PBXFileReference; lastKnownFileType = sourcecode.swift; path = ImageArticleBaseListModel.swift; sourceTree = "<group>"; };
		4F60411E267187800067A364 /* ImageArticleBaseCollectoinViewCell.swift */ = {isa = PBXFileReference; lastKnownFileType = sourcecode.swift; path = ImageArticleBaseCollectoinViewCell.swift; sourceTree = "<group>"; };
		4FCD9BFF266F43790003531B /* UICollectionViewCell+reuseIdentifier.swift */ = {isa = PBXFileReference; lastKnownFileType = sourcecode.swift; path = "UICollectionViewCell+reuseIdentifier.swift"; sourceTree = "<group>"; };
		4FD598612670ABAD00BB6BC6 /* ImageArticleBase.swift */ = {isa = PBXFileReference; lastKnownFileType = sourcecode.swift; path = ImageArticleBase.swift; sourceTree = "<group>"; };
		4FD598672670ACCB00BB6BC6 /* ImageArticleBaseListAPI.swift */ = {isa = PBXFileReference; lastKnownFileType = sourcecode.swift; path = ImageArticleBaseListAPI.swift; sourceTree = "<group>"; };
		4FD5986A2670ACDB00BB6BC6 /* ImageArticleBaseListAPIImpl.swift */ = {isa = PBXFileReference; lastKnownFileType = sourcecode.swift; path = ImageArticleBaseListAPIImpl.swift; sourceTree = "<group>"; };
		4FD5986E2670ADB800BB6BC6 /* ClienDateFormatter.swift */ = {isa = PBXFileReference; lastKnownFileType = sourcecode.swift; path = ClienDateFormatter.swift; sourceTree = "<group>"; };
		4FF70EE02667C94400FDC680 /* ClienTV.app */ = {isa = PBXFileReference; explicitFileType = wrapper.application; includeInIndex = 0; path = ClienTV.app; sourceTree = BUILT_PRODUCTS_DIR; };
		4FF70EE32667C94400FDC680 /* AppDelegate.swift */ = {isa = PBXFileReference; lastKnownFileType = sourcecode.swift; path = AppDelegate.swift; sourceTree = "<group>"; };
		4FF70EEA2667C94500FDC680 /* Assets.xcassets */ = {isa = PBXFileReference; lastKnownFileType = folder.assetcatalog; path = Assets.xcassets; sourceTree = "<group>"; };
		4FF70EED2667C94500FDC680 /* Base */ = {isa = PBXFileReference; lastKnownFileType = file.storyboard; name = Base; path = Base.lproj/LaunchScreen.storyboard; sourceTree = "<group>"; };
		4FF70EEF2667C94500FDC680 /* Info.plist */ = {isa = PBXFileReference; lastKnownFileType = text.plist.xml; path = Info.plist; sourceTree = "<group>"; };
		4FF70EF42667C94500FDC680 /* ClienTVTests.xctest */ = {isa = PBXFileReference; explicitFileType = wrapper.cfbundle; includeInIndex = 0; path = ClienTVTests.xctest; sourceTree = BUILT_PRODUCTS_DIR; };
		4FF70EF82667C94500FDC680 /* ClienTVTests.swift */ = {isa = PBXFileReference; lastKnownFileType = sourcecode.swift; path = ClienTVTests.swift; sourceTree = "<group>"; };
		4FF70EFA2667C94500FDC680 /* Info.plist */ = {isa = PBXFileReference; lastKnownFileType = text.plist.xml; path = Info.plist; sourceTree = "<group>"; };
		4FF70EFF2667C94500FDC680 /* ClienTVUITests.xctest */ = {isa = PBXFileReference; explicitFileType = wrapper.cfbundle; includeInIndex = 0; path = ClienTVUITests.xctest; sourceTree = BUILT_PRODUCTS_DIR; };
		4FF70F032667C94500FDC680 /* ClienTVUITests.swift */ = {isa = PBXFileReference; lastKnownFileType = sourcecode.swift; path = ClienTVUITests.swift; sourceTree = "<group>"; };
		4FF70F052667C94500FDC680 /* Info.plist */ = {isa = PBXFileReference; lastKnownFileType = text.plist.xml; path = Info.plist; sourceTree = "<group>"; };
		4FF70F162667C96000FDC680 /* ClienTVAPI.framework */ = {isa = PBXFileReference; explicitFileType = wrapper.framework; includeInIndex = 0; path = ClienTVAPI.framework; sourceTree = BUILT_PRODUCTS_DIR; };
		4FF70F182667C96000FDC680 /* ClienTVAPI.h */ = {isa = PBXFileReference; lastKnownFileType = sourcecode.c.h; path = ClienTVAPI.h; sourceTree = "<group>"; };
		4FF70F192667C96000FDC680 /* Info.plist */ = {isa = PBXFileReference; lastKnownFileType = text.plist.xml; path = Info.plist; sourceTree = "<group>"; };
		4FF70F1E2667C96000FDC680 /* ClienTVAPITests.xctest */ = {isa = PBXFileReference; explicitFileType = wrapper.cfbundle; includeInIndex = 0; path = ClienTVAPITests.xctest; sourceTree = BUILT_PRODUCTS_DIR; };
		4FF70F272667C96000FDC680 /* Info.plist */ = {isa = PBXFileReference; lastKnownFileType = text.plist.xml; path = Info.plist; sourceTree = "<group>"; };
		4FF70F372667CA1000FDC680 /* BoardListAPI.swift */ = {isa = PBXFileReference; lastKnownFileType = sourcecode.swift; path = BoardListAPI.swift; sourceTree = "<group>"; };
		4FF70F3A2667CA2400FDC680 /* Board.swift */ = {isa = PBXFileReference; lastKnownFileType = sourcecode.swift; path = Board.swift; sourceTree = "<group>"; };
		4FF70F3C2667CBE900FDC680 /* BoardListAPIImpl.swift */ = {isa = PBXFileReference; lastKnownFileType = sourcecode.swift; path = BoardListAPIImpl.swift; sourceTree = "<group>"; };
		4FF70F3E2667DC5400FDC680 /* MapKit.framework */ = {isa = PBXFileReference; lastKnownFileType = wrapper.framework; name = MapKit.framework; path = System/Library/Frameworks/MapKit.framework; sourceTree = SDKROOT; };
		4FF70F402667DC6000FDC680 /* ClienTV.entitlements */ = {isa = PBXFileReference; lastKnownFileType = text.plist.entitlements; path = ClienTV.entitlements; sourceTree = "<group>"; };
		4FF70F4426689F0F00FDC680 /* Logger+shared.swift */ = {isa = PBXFileReference; lastKnownFileType = sourcecode.swift; path = "Logger+shared.swift"; sourceTree = "<group>"; };
		4FF70F462668D35000FDC680 /* ArticleBaseListAPI.swift */ = {isa = PBXFileReference; lastKnownFileType = sourcecode.swift; path = ArticleBaseListAPI.swift; sourceTree = "<group>"; };
		4FF70F482668D36500FDC680 /* ArticleBaseListAPIImpl.swift */ = {isa = PBXFileReference; lastKnownFileType = sourcecode.swift; path = ArticleBaseListAPIImpl.swift; sourceTree = "<group>"; };
		4FF70F4A2668D38B00FDC680 /* ArticleBase.swift */ = {isa = PBXFileReference; lastKnownFileType = sourcecode.swift; path = ArticleBase.swift; sourceTree = "<group>"; };
		4FF70F4C2668D39C00FDC680 /* Article.swift */ = {isa = PBXFileReference; lastKnownFileType = sourcecode.swift; path = Article.swift; sourceTree = "<group>"; };
		4FF70F4F2668D6C800FDC680 /* ClienURLFactory.swift */ = {isa = PBXFileReference; lastKnownFileType = sourcecode.swift; path = ClienURLFactory.swift; sourceTree = "<group>"; };
		4FF70F512668E03700FDC680 /* String+toInt.swift */ = {isa = PBXFileReference; lastKnownFileType = sourcecode.swift; path = "String+toInt.swift"; sourceTree = "<group>"; };
		4FF70F562669043F00FDC680 /* MainTabBarController.swift */ = {isa = PBXFileReference; lastKnownFileType = sourcecode.swift; path = MainTabBarController.swift; sourceTree = "<group>"; };
		4FF70F5D2669068F00FDC680 /* BoardListViewController.swift */ = {isa = PBXFileReference; lastKnownFileType = sourcecode.swift; path = BoardListViewController.swift; sourceTree = "<group>"; };
		4FF70F60266906A800FDC680 /* ArticleBaseListViewController.swift */ = {isa = PBXFileReference; lastKnownFileType = sourcecode.swift; path = ArticleBaseListViewController.swift; sourceTree = "<group>"; };
		4FF70F64266906C100FDC680 /* SettingsViewController.swift */ = {isa = PBXFileReference; lastKnownFileType = sourcecode.swift; path = SettingsViewController.swift; sourceTree = "<group>"; };
		4FF70F672669070E00FDC680 /* ArticleViewController.swift */ = {isa = PBXFileReference; lastKnownFileType = sourcecode.swift; path = ArticleViewController.swift; sourceTree = "<group>"; };
		4FF70F6A2669073F00FDC680 /* HomeSplitViewController.swift */ = {isa = PBXFileReference; lastKnownFileType = sourcecode.swift; path = HomeSplitViewController.swift; sourceTree = "<group>"; };
		4FF70F6F266925EA00FDC680 /* BoardListRepository.swift */ = {isa = PBXFileReference; lastKnownFileType = sourcecode.swift; path = BoardListRepository.swift; sourceTree = "<group>"; };
		4FF70F712669261700FDC680 /* BoardListRepositoryImpl.swift */ = {isa = PBXFileReference; lastKnownFileType = sourcecode.swift; path = BoardListRepositoryImpl.swift; sourceTree = "<group>"; };
		4FF70F732669289900FDC680 /* ArticleBaseListRepository.swift */ = {isa = PBXFileReference; lastKnownFileType = sourcecode.swift; path = ArticleBaseListRepository.swift; sourceTree = "<group>"; };
		4FF70F75266928A900FDC680 /* ArticleBaseListRepositoryImpl.swift */ = {isa = PBXFileReference; lastKnownFileType = sourcecode.swift; path = ArticleBaseListRepositoryImpl.swift; sourceTree = "<group>"; };
		4FF70F7726692B2200FDC680 /* BoardListUseCase.swift */ = {isa = PBXFileReference; lastKnownFileType = sourcecode.swift; path = BoardListUseCase.swift; sourceTree = "<group>"; };
		4FF70F7926692EBD00FDC680 /* ArticleBaseListUseCase.swift */ = {isa = PBXFileReference; lastKnownFileType = sourcecode.swift; path = ArticleBaseListUseCase.swift; sourceTree = "<group>"; };
		4FF70F7D2669376000FDC680 /* ArticleBaseListViewModel.swift */ = {isa = PBXFileReference; lastKnownFileType = sourcecode.swift; path = ArticleBaseListViewModel.swift; sourceTree = "<group>"; };
		4FF70F7F266938E600FDC680 /* ArticleBaseListModel.swift */ = {isa = PBXFileReference; lastKnownFileType = sourcecode.swift; path = ArticleBaseListModel.swift; sourceTree = "<group>"; };
		4FF70F8126693C5800FDC680 /* BoardListViewModel.swift */ = {isa = PBXFileReference; lastKnownFileType = sourcecode.swift; path = BoardListViewModel.swift; sourceTree = "<group>"; };
		4FF70F8326693C7900FDC680 /* BoardListModel.swift */ = {isa = PBXFileReference; lastKnownFileType = sourcecode.swift; path = BoardListModel.swift; sourceTree = "<group>"; };
		9CE3BCDDCCE1DCB4AF6C4E41 /* Pods_ClienTVAPI.framework */ = {isa = PBXFileReference; explicitFileType = wrapper.framework; includeInIndex = 0; path = Pods_ClienTVAPI.framework; sourceTree = BUILT_PRODUCTS_DIR; };
		A6DBEB71F1A6D52B31AE3227 /* Pods-ClienTVAPI.release.xcconfig */ = {isa = PBXFileReference; includeInIndex = 1; lastKnownFileType = text.xcconfig; name = "Pods-ClienTVAPI.release.xcconfig"; path = "Target Support Files/Pods-ClienTVAPI/Pods-ClienTVAPI.release.xcconfig"; sourceTree = "<group>"; };
		AA149CCAA9FE7F51B21FB631 /* Pods_ClienTV.framework */ = {isa = PBXFileReference; explicitFileType = wrapper.framework; includeInIndex = 0; path = Pods_ClienTV.framework; sourceTree = BUILT_PRODUCTS_DIR; };
		AEE0C140C638D78816D93440 /* Pods-ClienTVAPI.debug.xcconfig */ = {isa = PBXFileReference; includeInIndex = 1; lastKnownFileType = text.xcconfig; name = "Pods-ClienTVAPI.debug.xcconfig"; path = "Target Support Files/Pods-ClienTVAPI/Pods-ClienTVAPI.debug.xcconfig"; sourceTree = "<group>"; };
		B81A571045B420005C88AEB5 /* Pods-ClienTV.debug.xcconfig */ = {isa = PBXFileReference; includeInIndex = 1; lastKnownFileType = text.xcconfig; name = "Pods-ClienTV.debug.xcconfig"; path = "Target Support Files/Pods-ClienTV/Pods-ClienTV.debug.xcconfig"; sourceTree = "<group>"; };
		E5A8A0B3752122A1B3738CE9 /* Pods-ClienTV.release.xcconfig */ = {isa = PBXFileReference; includeInIndex = 1; lastKnownFileType = text.xcconfig; name = "Pods-ClienTV.release.xcconfig"; path = "Target Support Files/Pods-ClienTV/Pods-ClienTV.release.xcconfig"; sourceTree = "<group>"; };
		F3096DB22669CDF60006E093 /* NSDiffableDataSourceSnapshot+Item.swift */ = {isa = PBXFileReference; lastKnownFileType = sourcecode.swift; path = "NSDiffableDataSourceSnapshot+Item.swift"; sourceTree = "<group>"; };
		F3096DB42669E4B60006E093 /* UIViewController+ErrorAlert.swift */ = {isa = PBXFileReference; lastKnownFileType = sourcecode.swift; path = "UIViewController+ErrorAlert.swift"; sourceTree = "<group>"; };
		F37E93CB26733804005AA37E /* ImageTopShelfConstant.swift */ = {isa = PBXFileReference; fileEncoding = 4; lastKnownFileType = sourcecode.swift; name = ImageTopShelfConstant.swift; path = ClienTV/Application/Util/Service/ImageTopShelf/ImageTopShelfConstant.swift; sourceTree = SOURCE_ROOT; };
		F37E93CF267346BB005AA37E /* Logger+shared.swift */ = {isa = PBXFileReference; fileEncoding = 4; lastKnownFileType = sourcecode.swift; name = "Logger+shared.swift"; path = "ClienTVAPI/Util/Extension/Logger/Logger+shared.swift"; sourceTree = SOURCE_ROOT; };
		F37E93D226734704005AA37E /* Logger+shared.swift */ = {isa = PBXFileReference; fileEncoding = 4; lastKnownFileType = sourcecode.swift; name = "Logger+shared.swift"; path = "ClienTVAPI/Util/Extension/Logger/Logger+shared.swift"; sourceTree = SOURCE_ROOT; };
		F37E93D526734A91005AA37E /* ImageTopShelfData+Helper.swift */ = {isa = PBXFileReference; lastKnownFileType = sourcecode.swift; path = "ImageTopShelfData+Helper.swift"; sourceTree = "<group>"; };
		F37E93DD26735AF7005AA37E /* ImageTopShelfData.swift */ = {isa = PBXFileReference; lastKnownFileType = sourcecode.swift; path = ImageTopShelfData.swift; sourceTree = "<group>"; };
		F37E93DF26735C53005AA37E /* ImageTopShelfData.swift */ = {isa = PBXFileReference; fileEncoding = 4; lastKnownFileType = sourcecode.swift; name = ImageTopShelfData.swift; path = ClienTV/Application/Util/Service/ImageTopShelf/ImageTopShelfData.swift; sourceTree = SOURCE_ROOT; };
		F37E93E226736395005AA37E /* ShortcutService.swift */ = {isa = PBXFileReference; lastKnownFileType = sourcecode.swift; path = ShortcutService.swift; sourceTree = "<group>"; };
		F3D318E5266A27A800B579E6 /* ArticleBaseContentConfiguration.swift */ = {isa = PBXFileReference; lastKnownFileType = sourcecode.swift; path = ArticleBaseContentConfiguration.swift; sourceTree = "<group>"; };
		F3D318E7266A2A0C00B579E6 /* ArticleBaseContentView.xib */ = {isa = PBXFileReference; lastKnownFileType = file.xib; path = ArticleBaseContentView.xib; sourceTree = "<group>"; };
/* End PBXFileReference section */

/* Begin PBXFrameworksBuildPhase section */
		4F10D962267263380034AA48 /* Frameworks */ = {
			isa = PBXFrameworksBuildPhase;
			buildActionMask = 2147483647;
			files = (
				4F10D967267263380034AA48 /* TVServices.framework in Frameworks */,
			);
			runOnlyForDeploymentPostprocessing = 0;
		};
		4FF70EDD2667C94400FDC680 /* Frameworks */ = {
			isa = PBXFrameworksBuildPhase;
			buildActionMask = 2147483647;
			files = (
				4FF70F2B2667C96000FDC680 /* ClienTVAPI.framework in Frameworks */,
				4FF70F3F2667DC5400FDC680 /* MapKit.framework in Frameworks */,
				98B29A0F02991F88EA5AAAC6 /* Pods_ClienTV.framework in Frameworks */,
			);
			runOnlyForDeploymentPostprocessing = 0;
		};
		4FF70EF12667C94500FDC680 /* Frameworks */ = {
			isa = PBXFrameworksBuildPhase;
			buildActionMask = 2147483647;
			files = (
			);
			runOnlyForDeploymentPostprocessing = 0;
		};
		4FF70EFC2667C94500FDC680 /* Frameworks */ = {
			isa = PBXFrameworksBuildPhase;
			buildActionMask = 2147483647;
			files = (
			);
			runOnlyForDeploymentPostprocessing = 0;
		};
		4FF70F132667C96000FDC680 /* Frameworks */ = {
			isa = PBXFrameworksBuildPhase;
			buildActionMask = 2147483647;
			files = (
				A43050FEE2953D6F28C4F9BD /* Pods_ClienTVAPI.framework in Frameworks */,
			);
			runOnlyForDeploymentPostprocessing = 0;
		};
		4FF70F1B2667C96000FDC680 /* Frameworks */ = {
			isa = PBXFrameworksBuildPhase;
			buildActionMask = 2147483647;
			files = (
				4FF70F1F2667C96000FDC680 /* ClienTVAPI.framework in Frameworks */,
			);
			runOnlyForDeploymentPostprocessing = 0;
		};
/* End PBXFrameworksBuildPhase section */

/* Begin PBXGroup section */
		4F10D968267263380034AA48 /* ClienTVTopShelfExtension */ = {
			isa = PBXGroup;
			children = (
				4F10D976267264800034AA48 /* Util */,
				4F10D9732672633F0034AA48 /* ClienTVTopShelfExtension.entitlements */,
				4F10D969267263380034AA48 /* ContentProvider.swift */,
				4F10D96B267263380034AA48 /* Info.plist */,
			);
			path = ClienTVTopShelfExtension;
			sourceTree = "<group>";
		};
		4F10D976267264800034AA48 /* Util */ = {
			isa = PBXGroup;
			children = (
				F37E93D426734A6A005AA37E /* Extension */,
				4F10D977267264880034AA48 /* Service */,
			);
			path = Util;
			sourceTree = "<group>";
		};
		4F10D977267264880034AA48 /* Service */ = {
			isa = PBXGroup;
			children = (
				4F10D991267268B60034AA48 /* ImageTopShelf */,
			);
			path = Service;
			sourceTree = "<group>";
		};
		4F10D989267266EF0034AA48 /* Service */ = {
			isa = PBXGroup;
			children = (
				F37E93E12673638D005AA37E /* Shortcut */,
				4F10D990267268B00034AA48 /* ImageTopShelf */,
			);
			path = Service;
			sourceTree = "<group>";
		};
		4F10D990267268B00034AA48 /* ImageTopShelf */ = {
			isa = PBXGroup;
			children = (
				4F10D98A2672670B0034AA48 /* ImageTopShelfSaver.swift */,
				4F10D98E267268A90034AA48 /* ImageTopShelfConstant.swift */,
				F37E93DD26735AF7005AA37E /* ImageTopShelfData.swift */,
			);
			path = ImageTopShelf;
			sourceTree = "<group>";
		};
		4F10D991267268B60034AA48 /* ImageTopShelf */ = {
			isa = PBXGroup;
			children = (
				4F10D9842672666C0034AA48 /* ImageTopShelfLoader.swift */,
				F37E93CB26733804005AA37E /* ImageTopShelfConstant.swift */,
				F37E93DF26735C53005AA37E /* ImageTopShelfData.swift */,
			);
			path = ImageTopShelf;
			sourceTree = "<group>";
		};
		4F1C88CB266CD6BE004AC01C /* Logger */ = {
			isa = PBXGroup;
			children = (
				F37E93CF267346BB005AA37E /* Logger+shared.swift */,
			);
			path = Logger;
			sourceTree = "<group>";
		};
		4F1C88CC266CD6C7004AC01C /* Logger */ = {
			isa = PBXGroup;
			children = (
				4FF70F4426689F0F00FDC680 /* Logger+shared.swift */,
			);
			path = Logger;
			sourceTree = "<group>";
		};
		4F1C88CD266CD6CC004AC01C /* String */ = {
			isa = PBXGroup;
			children = (
				4FF70F512668E03700FDC680 /* String+toInt.swift */,
				4F56557B266F66E8009EE630 /* String+toFloat.swift */,
			);
			path = String;
			sourceTree = "<group>";
		};
		4F1C88CE266CD6D4004AC01C /* NSDiffableDataSourceSnapshot */ = {
			isa = PBXGroup;
			children = (
				F3096DB22669CDF60006E093 /* NSDiffableDataSourceSnapshot+Item.swift */,
			);
			path = NSDiffableDataSourceSnapshot;
			sourceTree = "<group>";
		};
		4F1C88CF266CD6E3004AC01C /* UIView */ = {
			isa = PBXGroup;
			children = (
				4F55A1D2266A621200429B3E /* UIView+loadFromNib.swift */,
			);
			path = UIView;
			sourceTree = "<group>";
		};
		4F1C88D0266CD6E9004AC01C /* UIViewController */ = {
			isa = PBXGroup;
			children = (
				F3096DB42669E4B60006E093 /* UIViewController+ErrorAlert.swift */,
				4F1C88C7266CC113004AC01C /* UIViewController+loadFromNib.swift */,
			);
			path = UIViewController;
			sourceTree = "<group>";
		};
		4F1C88D1266CD6F1004AC01C /* ProcessInfo */ = {
			isa = PBXGroup;
			children = (
				4F55A1DA266A9AA100429B3E /* ProcessInfo+isTestMode.swift */,
			);
			path = ProcessInfo;
			sourceTree = "<group>";
		};
		4F1C88D2266CD6F9004AC01C /* String */ = {
			isa = PBXGroup;
			children = (
				4F1C88D3266CD702004AC01C /* String+HTML.swift */,
			);
			path = String;
			sourceTree = "<group>";
		};
		4F1C88D6266CDF30004AC01C /* CommentList */ = {
			isa = PBXGroup;
			children = (
				4F1C88D7266CDF74004AC01C /* CommentListViewController.swift */,
				4F015A15266E57AB003A7E52 /* CommentListViewModel.swift */,
				4F015A17266E57FE003A7E52 /* CommentListModel.swift */,
				4F015A1D266E6057003A7E52 /* CommentContentConfiguration.swift */,
				4F015A19266E5D04003A7E52 /* CommentContentView.swift */,
				4F015A1B266E5D10003A7E52 /* CommentContentView.xib */,
			);
			path = CommentList;
			sourceTree = "<group>";
		};
		4F60410A267175DC0067A364 /* UseCase */ = {
			isa = PBXGroup;
			children = (
				4F60410D267175F90067A364 /* BoardListUseCaseTest.swift */,
				4F60410F267176040067A364 /* ArticleBaseListUseCaseTest.swift */,
				4F6041112671761D0067A364 /* ArticleUseCaseTest.swift */,
				4F604113267176250067A364 /* CommentListUseCaseTest.swift */,
				4F6041152671762D0067A364 /* ImageArticleBaseListUseCaseTest.swift */,
			);
			path = UseCase;
			sourceTree = "<group>";
		};
		4F604117267177280067A364 /* ImageArticleBase */ = {
			isa = PBXGroup;
			children = (
				4F6041182671775B0067A364 /* ImageArticleBaseListViewController.swift */,
				4F60411A26717ADD0067A364 /* ImageArticleBaseListViewModel.swift */,
				4F60411C26717AE30067A364 /* ImageArticleBaseListModel.swift */,
				4F60411E267187800067A364 /* ImageArticleBaseCollectoinViewCell.swift */,
				4F10D95F26725BFC0034AA48 /* ImageArticleBaseLoadMoreCollectoinViewCell.swift */,
			);
			path = ImageArticleBase;
			sourceTree = "<group>";
		};
		4FCD9BFE266F43610003531B /* UICollectionViewCell */ = {
			isa = PBXGroup;
			children = (
				4FCD9BFF266F43790003531B /* UICollectionViewCell+reuseIdentifier.swift */,
			);
			path = UICollectionViewCell;
			sourceTree = "<group>";
		};
		4FD5986D2670ADA300BB6BC6 /* DateFormatter */ = {
			isa = PBXGroup;
			children = (
				4FD5986E2670ADB800BB6BC6 /* ClienDateFormatter.swift */,
			);
			path = DateFormatter;
			sourceTree = "<group>";
		};
		4FF70ED72667C94400FDC680 = {
			isa = PBXGroup;
			children = (
				4FF70EE22667C94400FDC680 /* ClienTV */,
				4FF70EF72667C94500FDC680 /* ClienTVTests */,
				4FF70F022667C94500FDC680 /* ClienTVUITests */,
				4FF70F172667C96000FDC680 /* ClienTVAPI */,
				4FF70F242667C96000FDC680 /* ClienTVAPITests */,
				4F10D968267263380034AA48 /* ClienTVTopShelfExtension */,
				4FF70EE12667C94400FDC680 /* Products */,
				C14842013798FDB53DE489AC /* Pods */,
				C19BCA231218B37ECB1EE2BD /* Frameworks */,
			);
			sourceTree = "<group>";
		};
		4FF70EE12667C94400FDC680 /* Products */ = {
			isa = PBXGroup;
			children = (
				4FF70EE02667C94400FDC680 /* ClienTV.app */,
				4FF70EF42667C94500FDC680 /* ClienTVTests.xctest */,
				4FF70EFF2667C94500FDC680 /* ClienTVUITests.xctest */,
				4FF70F162667C96000FDC680 /* ClienTVAPI.framework */,
				4FF70F1E2667C96000FDC680 /* ClienTVAPITests.xctest */,
				4F10D965267263380034AA48 /* ClienTVTopShelfExtension.appex */,
			);
			name = Products;
			sourceTree = "<group>";
		};
		4FF70EE22667C94400FDC680 /* ClienTV */ = {
			isa = PBXGroup;
			children = (
				4FF70F402667DC6000FDC680 /* ClienTV.entitlements */,
				4FF70EEF2667C94500FDC680 /* Info.plist */,
				4FF70F53266903DF00FDC680 /* Application */,
				4FF70F542669040600FDC680 /* Presentation */,
			);
			path = ClienTV;
			sourceTree = "<group>";
		};
		4FF70EF72667C94500FDC680 /* ClienTVTests */ = {
			isa = PBXGroup;
			children = (
				4FF70EF82667C94500FDC680 /* ClienTVTests.swift */,
				4FF70EFA2667C94500FDC680 /* Info.plist */,
			);
			path = ClienTVTests;
			sourceTree = "<group>";
		};
		4FF70F022667C94500FDC680 /* ClienTVUITests */ = {
			isa = PBXGroup;
			children = (
				4FF70F032667C94500FDC680 /* ClienTVUITests.swift */,
				4FF70F052667C94500FDC680 /* Info.plist */,
			);
			path = ClienTVUITests;
			sourceTree = "<group>";
		};
		4FF70F172667C96000FDC680 /* ClienTVAPI */ = {
			isa = PBXGroup;
			children = (
				4FF70F4226689EF800FDC680 /* Util */,
				4FF70F342667C9BF00FDC680 /* Domain */,
				4FF70F352667C9C300FDC680 /* Data */,
				4FF70F182667C96000FDC680 /* ClienTVAPI.h */,
				4FF70F192667C96000FDC680 /* Info.plist */,
			);
			path = ClienTVAPI;
			sourceTree = "<group>";
		};
		4FF70F242667C96000FDC680 /* ClienTVAPITests */ = {
			isa = PBXGroup;
			children = (
				4F60410A267175DC0067A364 /* UseCase */,
				4FF70F272667C96000FDC680 /* Info.plist */,
			);
			path = ClienTVAPITests;
			sourceTree = "<group>";
		};
		4FF70F342667C9BF00FDC680 /* Domain */ = {
			isa = PBXGroup;
			children = (
				4FF70F392667CA1900FDC680 /* Entity */,
				4FF70F6D2669081600FDC680 /* UseCase */,
				4FF70F6C266907FD00FDC680 /* RepositoryInterface */,
			);
			path = Domain;
			sourceTree = "<group>";
		};
		4FF70F352667C9C300FDC680 /* Data */ = {
			isa = PBXGroup;
			children = (
				4FF70F362667C9EF00FDC680 /* Network */,
				4FF70F6E2669083600FDC680 /* RepositoryImplementation */,
			);
			path = Data;
			sourceTree = "<group>";
		};
		4FF70F362667C9EF00FDC680 /* Network */ = {
			isa = PBXGroup;
			children = (
				4FF70F372667CA1000FDC680 /* BoardListAPI.swift */,
				4FF70F3C2667CBE900FDC680 /* BoardListAPIImpl.swift */,
				4FF70F462668D35000FDC680 /* ArticleBaseListAPI.swift */,
				4FF70F482668D36500FDC680 /* ArticleBaseListAPIImpl.swift */,
				4F55A1DC266A9D0100429B3E /* ArticleAPI.swift */,
				4F1C88BC266CB4B0004AC01C /* ArticleAPIImpl.swift */,
				4F015A0B266DE8BB003A7E52 /* CommentListAPI.swift */,
				4F015A0D266DE93C003A7E52 /* CommentListAPIImpl.swift */,
				4FD598672670ACCB00BB6BC6 /* ImageArticleBaseListAPI.swift */,
				4FD5986A2670ACDB00BB6BC6 /* ImageArticleBaseListAPIImpl.swift */,
			);
			path = Network;
			sourceTree = "<group>";
		};
		4FF70F392667CA1900FDC680 /* Entity */ = {
			isa = PBXGroup;
			children = (
				4FF70F3A2667CA2400FDC680 /* Board.swift */,
				4FF70F4A2668D38B00FDC680 /* ArticleBase.swift */,
				4FF70F4C2668D39C00FDC680 /* Article.swift */,
				4F1C88BA266CB40A004AC01C /* Comment.swift */,
				4FD598612670ABAD00BB6BC6 /* ImageArticleBase.swift */,
			);
			path = Entity;
			sourceTree = "<group>";
		};
		4FF70F4226689EF800FDC680 /* Util */ = {
			isa = PBXGroup;
			children = (
				4FD5986D2670ADA300BB6BC6 /* DateFormatter */,
				4FF70F4E2668D66A00FDC680 /* Factory */,
				4FF70F4326689F0000FDC680 /* Extension */,
			);
			path = Util;
			sourceTree = "<group>";
		};
		4FF70F4326689F0000FDC680 /* Extension */ = {
			isa = PBXGroup;
			children = (
				4F1C88CD266CD6CC004AC01C /* String */,
				4F1C88CC266CD6C7004AC01C /* Logger */,
			);
			path = Extension;
			sourceTree = "<group>";
		};
		4FF70F4E2668D66A00FDC680 /* Factory */ = {
			isa = PBXGroup;
			children = (
				4FF70F4F2668D6C800FDC680 /* ClienURLFactory.swift */,
			);
			path = Factory;
			sourceTree = "<group>";
		};
		4FF70F53266903DF00FDC680 /* Application */ = {
			isa = PBXGroup;
			children = (
				4FF70EE32667C94400FDC680 /* AppDelegate.swift */,
				4FF70EEA2667C94500FDC680 /* Assets.xcassets */,
				4FF70EEC2667C94500FDC680 /* LaunchScreen.storyboard */,
				4FF70F58266904D300FDC680 /* Util */,
			);
			path = Application;
			sourceTree = "<group>";
		};
		4FF70F542669040600FDC680 /* Presentation */ = {
			isa = PBXGroup;
			children = (
				4FF70F552669041600FDC680 /* Main */,
				4FF70F692669072900FDC680 /* Home */,
				4FF70F5C2669067D00FDC680 /* Board */,
				4FF70F5F2669069100FDC680 /* ArticleBase */,
				4F604117267177280067A364 /* ImageArticleBase */,
				4FF70F66266906CE00FDC680 /* Article */,
				4F1C88D6266CDF30004AC01C /* CommentList */,
				4FF70F62266906AF00FDC680 /* Settings */,
			);
			path = Presentation;
			sourceTree = "<group>";
		};
		4FF70F552669041600FDC680 /* Main */ = {
			isa = PBXGroup;
			children = (
				4FF70F562669043F00FDC680 /* MainTabBarController.swift */,
			);
			path = Main;
			sourceTree = "<group>";
		};
		4FF70F58266904D300FDC680 /* Util */ = {
			isa = PBXGroup;
			children = (
				4F10D989267266EF0034AA48 /* Service */,
				4FF70F59266904DD00FDC680 /* Extension */,
			);
			path = Util;
			sourceTree = "<group>";
		};
		4FF70F59266904DD00FDC680 /* Extension */ = {
			isa = PBXGroup;
			children = (
				4FCD9BFE266F43610003531B /* UICollectionViewCell */,
				4F1C88D2266CD6F9004AC01C /* String */,
				4F1C88D1266CD6F1004AC01C /* ProcessInfo */,
				4F1C88D0266CD6E9004AC01C /* UIViewController */,
				4F1C88CF266CD6E3004AC01C /* UIView */,
				4F1C88CE266CD6D4004AC01C /* NSDiffableDataSourceSnapshot */,
				4F1C88CB266CD6BE004AC01C /* Logger */,
			);
			path = Extension;
			sourceTree = "<group>";
		};
		4FF70F5C2669067D00FDC680 /* Board */ = {
			isa = PBXGroup;
			children = (
				4FF70F5D2669068F00FDC680 /* BoardListViewController.swift */,
				4FF70F8126693C5800FDC680 /* BoardListViewModel.swift */,
				4FF70F8326693C7900FDC680 /* BoardListModel.swift */,
			);
			path = Board;
			sourceTree = "<group>";
		};
		4FF70F5F2669069100FDC680 /* ArticleBase */ = {
			isa = PBXGroup;
			children = (
				4FF70F60266906A800FDC680 /* ArticleBaseListViewController.swift */,
				4FF70F7D2669376000FDC680 /* ArticleBaseListViewModel.swift */,
				4FF70F7F266938E600FDC680 /* ArticleBaseListModel.swift */,
				F3D318E5266A27A800B579E6 /* ArticleBaseContentConfiguration.swift */,
				4F55A1D0266A5F2A00429B3E /* ArticleBaseContentView.swift */,
				F3D318E7266A2A0C00B579E6 /* ArticleBaseContentView.xib */,
			);
			path = ArticleBase;
			sourceTree = "<group>";
		};
		4FF70F62266906AF00FDC680 /* Settings */ = {
			isa = PBXGroup;
			children = (
				4FF70F64266906C100FDC680 /* SettingsViewController.swift */,
			);
			path = Settings;
			sourceTree = "<group>";
		};
		4FF70F66266906CE00FDC680 /* Article */ = {
			isa = PBXGroup;
			children = (
				4FF70F672669070E00FDC680 /* ArticleViewController.swift */,
				4F1C88C4266CC0DA004AC01C /* ArticleViewController.xib */,
				4F1C88C9266CC5F9004AC01C /* ArticleViewModel.swift */,
			);
			path = Article;
			sourceTree = "<group>";
		};
		4FF70F692669072900FDC680 /* Home */ = {
			isa = PBXGroup;
			children = (
				4FF70F6A2669073F00FDC680 /* HomeSplitViewController.swift */,
			);
			path = Home;
			sourceTree = "<group>";
		};
		4FF70F6C266907FD00FDC680 /* RepositoryInterface */ = {
			isa = PBXGroup;
			children = (
				4FF70F6F266925EA00FDC680 /* BoardListRepository.swift */,
				4FF70F732669289900FDC680 /* ArticleBaseListRepository.swift */,
				4F1C88BE266CBEBC004AC01C /* ArticleRepository.swift */,
				4F015A0F266E5668003A7E52 /* CommentListRepository.swift */,
				4F604104267175120067A364 /* ImageArticleBaseListRepository.swift */,
			);
			path = RepositoryInterface;
			sourceTree = "<group>";
		};
		4FF70F6D2669081600FDC680 /* UseCase */ = {
			isa = PBXGroup;
			children = (
				4FF70F7726692B2200FDC680 /* BoardListUseCase.swift */,
				4FF70F7926692EBD00FDC680 /* ArticleBaseListUseCase.swift */,
				4F1C88C2266CBF0E004AC01C /* ArticleUseCase.swift */,
				4F015A13266E56C6003A7E52 /* CommentListUseCase.swift */,
				4F6041082671756D0067A364 /* ImageArticleBaseListUseCase.swift */,
			);
			path = UseCase;
			sourceTree = "<group>";
		};
		4FF70F6E2669083600FDC680 /* RepositoryImplementation */ = {
			isa = PBXGroup;
			children = (
				4FF70F712669261700FDC680 /* BoardListRepositoryImpl.swift */,
				4FF70F75266928A900FDC680 /* ArticleBaseListRepositoryImpl.swift */,
				4F1C88C0266CBEDE004AC01C /* ArticleRepositoryImpl.swift */,
				4F015A11266E568D003A7E52 /* CommentListRepositoryImpl.swift */,
				4F6041062671752D0067A364 /* ImageArticleBaseListRepositoryImpl.swift */,
			);
			path = RepositoryImplementation;
			sourceTree = "<group>";
		};
		C14842013798FDB53DE489AC /* Pods */ = {
			isa = PBXGroup;
			children = (
				B81A571045B420005C88AEB5 /* Pods-ClienTV.debug.xcconfig */,
				E5A8A0B3752122A1B3738CE9 /* Pods-ClienTV.release.xcconfig */,
				AEE0C140C638D78816D93440 /* Pods-ClienTVAPI.debug.xcconfig */,
				A6DBEB71F1A6D52B31AE3227 /* Pods-ClienTVAPI.release.xcconfig */,
			);
			path = Pods;
			sourceTree = "<group>";
		};
		C19BCA231218B37ECB1EE2BD /* Frameworks */ = {
			isa = PBXGroup;
			children = (
				4FF70F3E2667DC5400FDC680 /* MapKit.framework */,
				AA149CCAA9FE7F51B21FB631 /* Pods_ClienTV.framework */,
				9CE3BCDDCCE1DCB4AF6C4E41 /* Pods_ClienTVAPI.framework */,
				4F10D966267263380034AA48 /* TVServices.framework */,
			);
			name = Frameworks;
			sourceTree = "<group>";
		};
		F37E93D1267346FC005AA37E /* Logger */ = {
			isa = PBXGroup;
			children = (
				F37E93D226734704005AA37E /* Logger+shared.swift */,
			);
			path = Logger;
			sourceTree = "<group>";
		};
		F37E93D426734A6A005AA37E /* Extension */ = {
			isa = PBXGroup;
			children = (
				F37E93D726734A9A005AA37E /* ImageTopShelfData */,
				F37E93D1267346FC005AA37E /* Logger */,
			);
			path = Extension;
			sourceTree = "<group>";
		};
		F37E93D726734A9A005AA37E /* ImageTopShelfData */ = {
			isa = PBXGroup;
			children = (
				F37E93D526734A91005AA37E /* ImageTopShelfData+Helper.swift */,
			);
			path = ImageTopShelfData;
			sourceTree = "<group>";
		};
		F37E93E12673638D005AA37E /* Shortcut */ = {
			isa = PBXGroup;
			children = (
				F37E93E226736395005AA37E /* ShortcutService.swift */,
			);
			path = Shortcut;
			sourceTree = "<group>";
		};
/* End PBXGroup section */

/* Begin PBXHeadersBuildPhase section */
		4FF70F112667C96000FDC680 /* Headers */ = {
			isa = PBXHeadersBuildPhase;
			buildActionMask = 2147483647;
			files = (
				4FF70F282667C96000FDC680 /* ClienTVAPI.h in Headers */,
			);
			runOnlyForDeploymentPostprocessing = 0;
		};
/* End PBXHeadersBuildPhase section */

/* Begin PBXNativeTarget section */
		4F10D964267263380034AA48 /* ClienTVTopShelfExtension */ = {
			isa = PBXNativeTarget;
			buildConfigurationList = 4F10D96F267263380034AA48 /* Build configuration list for PBXNativeTarget "ClienTVTopShelfExtension" */;
			buildPhases = (
				4F10D961267263380034AA48 /* Sources */,
				4F10D962267263380034AA48 /* Frameworks */,
				4F10D963267263380034AA48 /* Resources */,
			);
			buildRules = (
			);
			dependencies = (
			);
			name = ClienTVTopShelfExtension;
			productName = ClienTVTopShelfExtension;
			productReference = 4F10D965267263380034AA48 /* ClienTVTopShelfExtension.appex */;
			productType = "com.apple.product-type.app-extension";
		};
		4FF70EDF2667C94400FDC680 /* ClienTV */ = {
			isa = PBXNativeTarget;
			buildConfigurationList = 4FF70F082667C94500FDC680 /* Build configuration list for PBXNativeTarget "ClienTV" */;
			buildPhases = (
				E323A8070D50C113C4261A36 /* [CP] Check Pods Manifest.lock */,
				4FF70EDC2667C94400FDC680 /* Sources */,
				4FF70EDD2667C94400FDC680 /* Frameworks */,
				4FF70EDE2667C94400FDC680 /* Resources */,
				4FF70F2D2667C96000FDC680 /* Embed Frameworks */,
				D526A7224595C08A929186AD /* [CP] Embed Pods Frameworks */,
				4F10D972267263380034AA48 /* Embed App Extensions */,
			);
			buildRules = (
			);
			dependencies = (
				4FF70F2A2667C96000FDC680 /* PBXTargetDependency */,
				4F10D96D267263380034AA48 /* PBXTargetDependency */,
			);
			name = ClienTV;
			productName = ClienTV;
			productReference = 4FF70EE02667C94400FDC680 /* ClienTV.app */;
			productType = "com.apple.product-type.application";
		};
		4FF70EF32667C94500FDC680 /* ClienTVTests */ = {
			isa = PBXNativeTarget;
			buildConfigurationList = 4FF70F0B2667C94500FDC680 /* Build configuration list for PBXNativeTarget "ClienTVTests" */;
			buildPhases = (
				4FF70EF02667C94500FDC680 /* Sources */,
				4FF70EF12667C94500FDC680 /* Frameworks */,
				4FF70EF22667C94500FDC680 /* Resources */,
			);
			buildRules = (
			);
			dependencies = (
				4FF70EF62667C94500FDC680 /* PBXTargetDependency */,
			);
			name = ClienTVTests;
			productName = ClienTVTests;
			productReference = 4FF70EF42667C94500FDC680 /* ClienTVTests.xctest */;
			productType = "com.apple.product-type.bundle.unit-test";
		};
		4FF70EFE2667C94500FDC680 /* ClienTVUITests */ = {
			isa = PBXNativeTarget;
			buildConfigurationList = 4FF70F0E2667C94500FDC680 /* Build configuration list for PBXNativeTarget "ClienTVUITests" */;
			buildPhases = (
				4FF70EFB2667C94500FDC680 /* Sources */,
				4FF70EFC2667C94500FDC680 /* Frameworks */,
				4FF70EFD2667C94500FDC680 /* Resources */,
			);
			buildRules = (
			);
			dependencies = (
				4FF70F012667C94500FDC680 /* PBXTargetDependency */,
			);
			name = ClienTVUITests;
			productName = ClienTVUITests;
			productReference = 4FF70EFF2667C94500FDC680 /* ClienTVUITests.xctest */;
			productType = "com.apple.product-type.bundle.ui-testing";
		};
		4FF70F152667C96000FDC680 /* ClienTVAPI */ = {
			isa = PBXNativeTarget;
			buildConfigurationList = 4FF70F322667C96000FDC680 /* Build configuration list for PBXNativeTarget "ClienTVAPI" */;
			buildPhases = (
				1CDEAB1AC4D65F88267624A6 /* [CP] Check Pods Manifest.lock */,
				4FF70F112667C96000FDC680 /* Headers */,
				4FF70F122667C96000FDC680 /* Sources */,
				4FF70F132667C96000FDC680 /* Frameworks */,
				4FF70F142667C96000FDC680 /* Resources */,
			);
			buildRules = (
			);
			dependencies = (
			);
			name = ClienTVAPI;
			productName = ClienTVAPI;
			productReference = 4FF70F162667C96000FDC680 /* ClienTVAPI.framework */;
			productType = "com.apple.product-type.framework";
		};
		4FF70F1D2667C96000FDC680 /* ClienTVAPITests */ = {
			isa = PBXNativeTarget;
			buildConfigurationList = 4FF70F332667C96000FDC680 /* Build configuration list for PBXNativeTarget "ClienTVAPITests" */;
			buildPhases = (
				4FF70F1A2667C96000FDC680 /* Sources */,
				4FF70F1B2667C96000FDC680 /* Frameworks */,
				4FF70F1C2667C96000FDC680 /* Resources */,
			);
			buildRules = (
			);
			dependencies = (
				4FF70F212667C96000FDC680 /* PBXTargetDependency */,
				4FF70F232667C96000FDC680 /* PBXTargetDependency */,
			);
			name = ClienTVAPITests;
			productName = ClienTVAPITests;
			productReference = 4FF70F1E2667C96000FDC680 /* ClienTVAPITests.xctest */;
			productType = "com.apple.product-type.bundle.unit-test";
		};
/* End PBXNativeTarget section */

/* Begin PBXProject section */
		4FF70ED82667C94400FDC680 /* Project object */ = {
			isa = PBXProject;
			attributes = {
				LastSwiftUpdateCheck = 1250;
				LastUpgradeCheck = 1250;
				TargetAttributes = {
					4F10D964267263380034AA48 = {
						CreatedOnToolsVersion = 12.5;
					};
					4FF70EDF2667C94400FDC680 = {
						CreatedOnToolsVersion = 12.5;
					};
					4FF70EF32667C94500FDC680 = {
						CreatedOnToolsVersion = 12.5;
						TestTargetID = 4FF70EDF2667C94400FDC680;
					};
					4FF70EFE2667C94500FDC680 = {
						CreatedOnToolsVersion = 12.5;
						TestTargetID = 4FF70EDF2667C94400FDC680;
					};
					4FF70F152667C96000FDC680 = {
						CreatedOnToolsVersion = 12.5;
						LastSwiftMigration = 1250;
					};
					4FF70F1D2667C96000FDC680 = {
						CreatedOnToolsVersion = 12.5;
						TestTargetID = 4FF70EDF2667C94400FDC680;
					};
				};
			};
			buildConfigurationList = 4FF70EDB2667C94400FDC680 /* Build configuration list for PBXProject "ClienTV" */;
			compatibilityVersion = "Xcode 9.3";
			developmentRegion = en;
			hasScannedForEncodings = 0;
			knownRegions = (
				en,
				Base,
			);
			mainGroup = 4FF70ED72667C94400FDC680;
			productRefGroup = 4FF70EE12667C94400FDC680 /* Products */;
			projectDirPath = "";
			projectRoot = "";
			targets = (
				4FF70EDF2667C94400FDC680 /* ClienTV */,
				4FF70EF32667C94500FDC680 /* ClienTVTests */,
				4FF70EFE2667C94500FDC680 /* ClienTVUITests */,
				4FF70F152667C96000FDC680 /* ClienTVAPI */,
				4FF70F1D2667C96000FDC680 /* ClienTVAPITests */,
				4F10D964267263380034AA48 /* ClienTVTopShelfExtension */,
			);
		};
/* End PBXProject section */

/* Begin PBXResourcesBuildPhase section */
		4F10D963267263380034AA48 /* Resources */ = {
			isa = PBXResourcesBuildPhase;
			buildActionMask = 2147483647;
			files = (
			);
			runOnlyForDeploymentPostprocessing = 0;
		};
		4FF70EDE2667C94400FDC680 /* Resources */ = {
			isa = PBXResourcesBuildPhase;
			buildActionMask = 2147483647;
			files = (
				F3D318E8266A2A0C00B579E6 /* ArticleBaseContentView.xib in Resources */,
				4F1C88C5266CC0DA004AC01C /* ArticleViewController.xib in Resources */,
				4FF70EEE2667C94500FDC680 /* LaunchScreen.storyboard in Resources */,
				4FF70EEB2667C94500FDC680 /* Assets.xcassets in Resources */,
				4F015A1C266E5D10003A7E52 /* CommentContentView.xib in Resources */,
			);
			runOnlyForDeploymentPostprocessing = 0;
		};
		4FF70EF22667C94500FDC680 /* Resources */ = {
			isa = PBXResourcesBuildPhase;
			buildActionMask = 2147483647;
			files = (
			);
			runOnlyForDeploymentPostprocessing = 0;
		};
		4FF70EFD2667C94500FDC680 /* Resources */ = {
			isa = PBXResourcesBuildPhase;
			buildActionMask = 2147483647;
			files = (
			);
			runOnlyForDeploymentPostprocessing = 0;
		};
		4FF70F142667C96000FDC680 /* Resources */ = {
			isa = PBXResourcesBuildPhase;
			buildActionMask = 2147483647;
			files = (
			);
			runOnlyForDeploymentPostprocessing = 0;
		};
		4FF70F1C2667C96000FDC680 /* Resources */ = {
			isa = PBXResourcesBuildPhase;
			buildActionMask = 2147483647;
			files = (
			);
			runOnlyForDeploymentPostprocessing = 0;
		};
/* End PBXResourcesBuildPhase section */

/* Begin PBXShellScriptBuildPhase section */
		1CDEAB1AC4D65F88267624A6 /* [CP] Check Pods Manifest.lock */ = {
			isa = PBXShellScriptBuildPhase;
			buildActionMask = 2147483647;
			files = (
			);
			inputFileListPaths = (
			);
			inputPaths = (
				"${PODS_PODFILE_DIR_PATH}/Podfile.lock",
				"${PODS_ROOT}/Manifest.lock",
			);
			name = "[CP] Check Pods Manifest.lock";
			outputFileListPaths = (
			);
			outputPaths = (
				"$(DERIVED_FILE_DIR)/Pods-ClienTVAPI-checkManifestLockResult.txt",
			);
			runOnlyForDeploymentPostprocessing = 0;
			shellPath = /bin/sh;
			shellScript = "diff \"${PODS_PODFILE_DIR_PATH}/Podfile.lock\" \"${PODS_ROOT}/Manifest.lock\" > /dev/null\nif [ $? != 0 ] ; then\n    # print error to STDERR\n    echo \"error: The sandbox is not in sync with the Podfile.lock. Run 'pod install' or update your CocoaPods installation.\" >&2\n    exit 1\nfi\n# This output is used by Xcode 'outputs' to avoid re-running this script phase.\necho \"SUCCESS\" > \"${SCRIPT_OUTPUT_FILE_0}\"\n";
			showEnvVarsInLog = 0;
		};
		D526A7224595C08A929186AD /* [CP] Embed Pods Frameworks */ = {
			isa = PBXShellScriptBuildPhase;
			buildActionMask = 2147483647;
			files = (
			);
			inputFileListPaths = (
				"${PODS_ROOT}/Target Support Files/Pods-ClienTV/Pods-ClienTV-frameworks-${CONFIGURATION}-input-files.xcfilelist",
			);
			name = "[CP] Embed Pods Frameworks";
			outputFileListPaths = (
				"${PODS_ROOT}/Target Support Files/Pods-ClienTV/Pods-ClienTV-frameworks-${CONFIGURATION}-output-files.xcfilelist",
			);
			runOnlyForDeploymentPostprocessing = 0;
			shellPath = /bin/sh;
			shellScript = "\"${PODS_ROOT}/Target Support Files/Pods-ClienTV/Pods-ClienTV-frameworks.sh\"\n";
			showEnvVarsInLog = 0;
		};
		E323A8070D50C113C4261A36 /* [CP] Check Pods Manifest.lock */ = {
			isa = PBXShellScriptBuildPhase;
			buildActionMask = 2147483647;
			files = (
			);
			inputFileListPaths = (
			);
			inputPaths = (
				"${PODS_PODFILE_DIR_PATH}/Podfile.lock",
				"${PODS_ROOT}/Manifest.lock",
			);
			name = "[CP] Check Pods Manifest.lock";
			outputFileListPaths = (
			);
			outputPaths = (
				"$(DERIVED_FILE_DIR)/Pods-ClienTV-checkManifestLockResult.txt",
			);
			runOnlyForDeploymentPostprocessing = 0;
			shellPath = /bin/sh;
			shellScript = "diff \"${PODS_PODFILE_DIR_PATH}/Podfile.lock\" \"${PODS_ROOT}/Manifest.lock\" > /dev/null\nif [ $? != 0 ] ; then\n    # print error to STDERR\n    echo \"error: The sandbox is not in sync with the Podfile.lock. Run 'pod install' or update your CocoaPods installation.\" >&2\n    exit 1\nfi\n# This output is used by Xcode 'outputs' to avoid re-running this script phase.\necho \"SUCCESS\" > \"${SCRIPT_OUTPUT_FILE_0}\"\n";
			showEnvVarsInLog = 0;
		};
/* End PBXShellScriptBuildPhase section */

/* Begin PBXSourcesBuildPhase section */
		4F10D961267263380034AA48 /* Sources */ = {
			isa = PBXSourcesBuildPhase;
			buildActionMask = 2147483647;
			files = (
				4F10D9852672666C0034AA48 /* ImageTopShelfLoader.swift in Sources */,
				F37E93D326734704005AA37E /* Logger+shared.swift in Sources */,
				F37E93E026735C53005AA37E /* ImageTopShelfData.swift in Sources */,
				F37E93CD26733804005AA37E /* ImageTopShelfConstant.swift in Sources */,
				4F10D96A267263380034AA48 /* ContentProvider.swift in Sources */,
				F37E93D626734A91005AA37E /* ImageTopShelfData+Helper.swift in Sources */,
			);
			runOnlyForDeploymentPostprocessing = 0;
		};
		4FF70EDC2667C94400FDC680 /* Sources */ = {
			isa = PBXSourcesBuildPhase;
			buildActionMask = 2147483647;
			files = (
				4F55A1D3266A621200429B3E /* UIView+loadFromNib.swift in Sources */,
				4F015A18266E57FE003A7E52 /* CommentListModel.swift in Sources */,
				4F60411D26717AE30067A364 /* ImageArticleBaseListModel.swift in Sources */,
				F3096DB52669E4B60006E093 /* UIViewController+ErrorAlert.swift in Sources */,
				4F1C88C8266CC113004AC01C /* UIViewController+loadFromNib.swift in Sources */,
				4FF70F8426693C7900FDC680 /* BoardListModel.swift in Sources */,
				4F10D98B2672670B0034AA48 /* ImageTopShelfSaver.swift in Sources */,
				4FF70F572669043F00FDC680 /* MainTabBarController.swift in Sources */,
				F37E93D0267346BB005AA37E /* Logger+shared.swift in Sources */,
				4F10D98F267268A90034AA48 /* ImageTopShelfConstant.swift in Sources */,
				4FF70F61266906A800FDC680 /* ArticleBaseListViewController.swift in Sources */,
				4F60411B26717ADD0067A364 /* ImageArticleBaseListViewModel.swift in Sources */,
				4FF70F682669070E00FDC680 /* ArticleViewController.swift in Sources */,
				4F55A1DB266A9AA100429B3E /* ProcessInfo+isTestMode.swift in Sources */,
				4FF70F80266938E600FDC680 /* ArticleBaseListModel.swift in Sources */,
				4FF70EE42667C94400FDC680 /* AppDelegate.swift in Sources */,
				4FF70F6B2669073F00FDC680 /* HomeSplitViewController.swift in Sources */,
				4FF70F7E2669376000FDC680 /* ArticleBaseListViewModel.swift in Sources */,
				F37E93E326736395005AA37E /* ShortcutService.swift in Sources */,
				4F1C88D8266CDF74004AC01C /* CommentListViewController.swift in Sources */,
				4F015A16266E57AB003A7E52 /* CommentListViewModel.swift in Sources */,
				4F1C88CA266CC5F9004AC01C /* ArticleViewModel.swift in Sources */,
				4F6041192671775B0067A364 /* ImageArticleBaseListViewController.swift in Sources */,
				F3D318E6266A27A800B579E6 /* ArticleBaseContentConfiguration.swift in Sources */,
				4F60411F267187800067A364 /* ImageArticleBaseCollectoinViewCell.swift in Sources */,
				4FF70F5E2669068F00FDC680 /* BoardListViewController.swift in Sources */,
				F3096DB32669CDF60006E093 /* NSDiffableDataSourceSnapshot+Item.swift in Sources */,
				4F55A1D1266A5F2A00429B3E /* ArticleBaseContentView.swift in Sources */,
				4F1C88D4266CD702004AC01C /* String+HTML.swift in Sources */,
				4F015A1A266E5D04003A7E52 /* CommentContentView.swift in Sources */,
				4FCD9C00266F43790003531B /* UICollectionViewCell+reuseIdentifier.swift in Sources */,
				4FF70F8226693C5800FDC680 /* BoardListViewModel.swift in Sources */,
				F37E93DE26735AF7005AA37E /* ImageTopShelfData.swift in Sources */,
				4F015A1E266E6057003A7E52 /* CommentContentConfiguration.swift in Sources */,
				4FF70F65266906C100FDC680 /* SettingsViewController.swift in Sources */,
				4F10D96026725BFC0034AA48 /* ImageArticleBaseLoadMoreCollectoinViewCell.swift in Sources */,
			);
			runOnlyForDeploymentPostprocessing = 0;
		};
		4FF70EF02667C94500FDC680 /* Sources */ = {
			isa = PBXSourcesBuildPhase;
			buildActionMask = 2147483647;
			files = (
				4FF70EF92667C94500FDC680 /* ClienTVTests.swift in Sources */,
			);
			runOnlyForDeploymentPostprocessing = 0;
		};
		4FF70EFB2667C94500FDC680 /* Sources */ = {
			isa = PBXSourcesBuildPhase;
			buildActionMask = 2147483647;
			files = (
				4FF70F042667C94500FDC680 /* ClienTVUITests.swift in Sources */,
			);
			runOnlyForDeploymentPostprocessing = 0;
		};
		4FF70F122667C96000FDC680 /* Sources */ = {
			isa = PBXSourcesBuildPhase;
			buildActionMask = 2147483647;
			files = (
				4FF70F472668D35000FDC680 /* ArticleBaseListAPI.swift in Sources */,
				4FF70F522668E03700FDC680 /* String+toInt.swift in Sources */,
				4F1C88BD266CB4B0004AC01C /* ArticleAPIImpl.swift in Sources */,
				4FD598692670ACCB00BB6BC6 /* ImageArticleBaseListAPI.swift in Sources */,
				4F015A10266E5668003A7E52 /* CommentListRepository.swift in Sources */,
				4FF70F4526689F0F00FDC680 /* Logger+shared.swift in Sources */,
				4FF70F4B2668D38B00FDC680 /* ArticleBase.swift in Sources */,
				4F015A0C266DE8BB003A7E52 /* CommentListAPI.swift in Sources */,
				4FF70F492668D36500FDC680 /* ArticleBaseListAPIImpl.swift in Sources */,
				4FF70F4D2668D39C00FDC680 /* Article.swift in Sources */,
				4FF70F502668D6C800FDC680 /* ClienURLFactory.swift in Sources */,
				4F6041072671752D0067A364 /* ImageArticleBaseListRepositoryImpl.swift in Sources */,
				4F56557C266F66E8009EE630 /* String+toFloat.swift in Sources */,
				4F1C88BB266CB40A004AC01C /* Comment.swift in Sources */,
				4FD598632670ABAD00BB6BC6 /* ImageArticleBase.swift in Sources */,
				4F015A12266E568D003A7E52 /* CommentListRepositoryImpl.swift in Sources */,
				4F6041092671756D0067A364 /* ImageArticleBaseListUseCase.swift in Sources */,
				4FF70F3B2667CA2400FDC680 /* Board.swift in Sources */,
				4FD598702670ADB800BB6BC6 /* ClienDateFormatter.swift in Sources */,
				4F55A1DD266A9D0100429B3E /* ArticleAPI.swift in Sources */,
				4FD5986C2670ACDB00BB6BC6 /* ImageArticleBaseListAPIImpl.swift in Sources */,
				4FF70F382667CA1000FDC680 /* BoardListAPI.swift in Sources */,
				4FF70F7826692B2200FDC680 /* BoardListUseCase.swift in Sources */,
				4F015A0E266DE93C003A7E52 /* CommentListAPIImpl.swift in Sources */,
				4FF70F76266928A900FDC680 /* ArticleBaseListRepositoryImpl.swift in Sources */,
				4F1C88C1266CBEDE004AC01C /* ArticleRepositoryImpl.swift in Sources */,
				4F1C88BF266CBEBC004AC01C /* ArticleRepository.swift in Sources */,
				4F015A14266E56C6003A7E52 /* CommentListUseCase.swift in Sources */,
				4F1C88C3266CBF0E004AC01C /* ArticleUseCase.swift in Sources */,
				4FF70F7A26692EBD00FDC680 /* ArticleBaseListUseCase.swift in Sources */,
				4FF70F3D2667CBE900FDC680 /* BoardListAPIImpl.swift in Sources */,
				4FF70F722669261700FDC680 /* BoardListRepositoryImpl.swift in Sources */,
				4F604105267175120067A364 /* ImageArticleBaseListRepository.swift in Sources */,
				4FF70F742669289900FDC680 /* ArticleBaseListRepository.swift in Sources */,
				4FF70F70266925EA00FDC680 /* BoardListRepository.swift in Sources */,
			);
			runOnlyForDeploymentPostprocessing = 0;
		};
		4FF70F1A2667C96000FDC680 /* Sources */ = {
			isa = PBXSourcesBuildPhase;
			buildActionMask = 2147483647;
			files = (
				4F604114267176250067A364 /* CommentListUseCaseTest.swift in Sources */,
				4F6041122671761D0067A364 /* ArticleUseCaseTest.swift in Sources */,
				4F604110267176040067A364 /* ArticleBaseListUseCaseTest.swift in Sources */,
				4F60410E267175F90067A364 /* BoardListUseCaseTest.swift in Sources */,
				4F6041162671762D0067A364 /* ImageArticleBaseListUseCaseTest.swift in Sources */,
			);
			runOnlyForDeploymentPostprocessing = 0;
		};
/* End PBXSourcesBuildPhase section */

/* Begin PBXTargetDependency section */
		4F10D96D267263380034AA48 /* PBXTargetDependency */ = {
			isa = PBXTargetDependency;
			target = 4F10D964267263380034AA48 /* ClienTVTopShelfExtension */;
			targetProxy = 4F10D96C267263380034AA48 /* PBXContainerItemProxy */;
		};
		4FF70EF62667C94500FDC680 /* PBXTargetDependency */ = {
			isa = PBXTargetDependency;
			target = 4FF70EDF2667C94400FDC680 /* ClienTV */;
			targetProxy = 4FF70EF52667C94500FDC680 /* PBXContainerItemProxy */;
		};
		4FF70F012667C94500FDC680 /* PBXTargetDependency */ = {
			isa = PBXTargetDependency;
			target = 4FF70EDF2667C94400FDC680 /* ClienTV */;
			targetProxy = 4FF70F002667C94500FDC680 /* PBXContainerItemProxy */;
		};
		4FF70F212667C96000FDC680 /* PBXTargetDependency */ = {
			isa = PBXTargetDependency;
			target = 4FF70F152667C96000FDC680 /* ClienTVAPI */;
			targetProxy = 4FF70F202667C96000FDC680 /* PBXContainerItemProxy */;
		};
		4FF70F232667C96000FDC680 /* PBXTargetDependency */ = {
			isa = PBXTargetDependency;
			target = 4FF70EDF2667C94400FDC680 /* ClienTV */;
			targetProxy = 4FF70F222667C96000FDC680 /* PBXContainerItemProxy */;
		};
		4FF70F2A2667C96000FDC680 /* PBXTargetDependency */ = {
			isa = PBXTargetDependency;
			target = 4FF70F152667C96000FDC680 /* ClienTVAPI */;
			targetProxy = 4FF70F292667C96000FDC680 /* PBXContainerItemProxy */;
		};
/* End PBXTargetDependency section */

/* Begin PBXVariantGroup section */
		4FF70EEC2667C94500FDC680 /* LaunchScreen.storyboard */ = {
			isa = PBXVariantGroup;
			children = (
				4FF70EED2667C94500FDC680 /* Base */,
			);
			name = LaunchScreen.storyboard;
			sourceTree = "<group>";
		};
/* End PBXVariantGroup section */

/* Begin XCBuildConfiguration section */
		4F10D970267263380034AA48 /* Debug */ = {
			isa = XCBuildConfiguration;
			buildSettings = {
				CODE_SIGN_ENTITLEMENTS = ClienTVTopShelfExtension/ClienTVTopShelfExtension.entitlements;
				CODE_SIGN_STYLE = Automatic;
				CURRENT_PROJECT_VERSION = 5;
				DEVELOPMENT_TEAM = P53D29U9LJ;
				INFOPLIST_FILE = ClienTVTopShelfExtension/Info.plist;
				LD_RUNPATH_SEARCH_PATHS = (
					"$(inherited)",
					"@executable_path/Frameworks",
					"@executable_path/../../Frameworks",
				);
				PRODUCT_BUNDLE_IDENTIFIER = com.pookjw.ClienTV.ClienTVTopShelfExtension;
				PRODUCT_NAME = "$(TARGET_NAME)";
				SKIP_INSTALL = YES;
				SWIFT_VERSION = 5.0;
				TARGETED_DEVICE_FAMILY = 3;
				TVOS_DEPLOYMENT_TARGET = 14.0;
			};
			name = Debug;
		};
		4F10D971267263380034AA48 /* Release */ = {
			isa = XCBuildConfiguration;
			buildSettings = {
				CODE_SIGN_ENTITLEMENTS = ClienTVTopShelfExtension/ClienTVTopShelfExtension.entitlements;
				CODE_SIGN_STYLE = Automatic;
				CURRENT_PROJECT_VERSION = 5;
				DEVELOPMENT_TEAM = P53D29U9LJ;
				INFOPLIST_FILE = ClienTVTopShelfExtension/Info.plist;
				LD_RUNPATH_SEARCH_PATHS = (
					"$(inherited)",
					"@executable_path/Frameworks",
					"@executable_path/../../Frameworks",
				);
				PRODUCT_BUNDLE_IDENTIFIER = com.pookjw.ClienTV.ClienTVTopShelfExtension;
				PRODUCT_NAME = "$(TARGET_NAME)";
				SKIP_INSTALL = YES;
				SWIFT_VERSION = 5.0;
				TARGETED_DEVICE_FAMILY = 3;
				TVOS_DEPLOYMENT_TARGET = 14.0;
			};
			name = Release;
		};
		4FF70F062667C94500FDC680 /* Debug */ = {
			isa = XCBuildConfiguration;
			buildSettings = {
				ALWAYS_SEARCH_USER_PATHS = NO;
				CLANG_ANALYZER_NONNULL = YES;
				CLANG_ANALYZER_NUMBER_OBJECT_CONVERSION = YES_AGGRESSIVE;
				CLANG_CXX_LANGUAGE_STANDARD = "gnu++14";
				CLANG_CXX_LIBRARY = "libc++";
				CLANG_ENABLE_MODULES = YES;
				CLANG_ENABLE_OBJC_ARC = YES;
				CLANG_ENABLE_OBJC_WEAK = YES;
				CLANG_WARN_BLOCK_CAPTURE_AUTORELEASING = YES;
				CLANG_WARN_BOOL_CONVERSION = YES;
				CLANG_WARN_COMMA = YES;
				CLANG_WARN_CONSTANT_CONVERSION = YES;
				CLANG_WARN_DEPRECATED_OBJC_IMPLEMENTATIONS = YES;
				CLANG_WARN_DIRECT_OBJC_ISA_USAGE = YES_ERROR;
				CLANG_WARN_DOCUMENTATION_COMMENTS = YES;
				CLANG_WARN_EMPTY_BODY = YES;
				CLANG_WARN_ENUM_CONVERSION = YES;
				CLANG_WARN_INFINITE_RECURSION = YES;
				CLANG_WARN_INT_CONVERSION = YES;
				CLANG_WARN_NON_LITERAL_NULL_CONVERSION = YES;
				CLANG_WARN_OBJC_IMPLICIT_RETAIN_SELF = YES;
				CLANG_WARN_OBJC_LITERAL_CONVERSION = YES;
				CLANG_WARN_OBJC_ROOT_CLASS = YES_ERROR;
				CLANG_WARN_QUOTED_INCLUDE_IN_FRAMEWORK_HEADER = YES;
				CLANG_WARN_RANGE_LOOP_ANALYSIS = YES;
				CLANG_WARN_STRICT_PROTOTYPES = YES;
				CLANG_WARN_SUSPICIOUS_MOVE = YES;
				CLANG_WARN_UNGUARDED_AVAILABILITY = YES_AGGRESSIVE;
				CLANG_WARN_UNREACHABLE_CODE = YES;
				CLANG_WARN__DUPLICATE_METHOD_MATCH = YES;
				COPY_PHASE_STRIP = NO;
				DEBUG_INFORMATION_FORMAT = dwarf;
				ENABLE_STRICT_OBJC_MSGSEND = YES;
				ENABLE_TESTABILITY = YES;
				GCC_C_LANGUAGE_STANDARD = gnu11;
				GCC_DYNAMIC_NO_PIC = NO;
				GCC_NO_COMMON_BLOCKS = YES;
				GCC_OPTIMIZATION_LEVEL = 0;
				GCC_PREPROCESSOR_DEFINITIONS = (
					"DEBUG=1",
					"$(inherited)",
				);
				GCC_WARN_64_TO_32_BIT_CONVERSION = YES;
				GCC_WARN_ABOUT_RETURN_TYPE = YES_ERROR;
				GCC_WARN_UNDECLARED_SELECTOR = YES;
				GCC_WARN_UNINITIALIZED_AUTOS = YES_AGGRESSIVE;
				GCC_WARN_UNUSED_FUNCTION = YES;
				GCC_WARN_UNUSED_VARIABLE = YES;
				MTL_ENABLE_DEBUG_INFO = INCLUDE_SOURCE;
				MTL_FAST_MATH = YES;
				ONLY_ACTIVE_ARCH = YES;
				SDKROOT = appletvos;
				SWIFT_ACTIVE_COMPILATION_CONDITIONS = DEBUG;
				SWIFT_OPTIMIZATION_LEVEL = "-Onone";
				TVOS_DEPLOYMENT_TARGET = 14.5;
			};
			name = Debug;
		};
		4FF70F072667C94500FDC680 /* Release */ = {
			isa = XCBuildConfiguration;
			buildSettings = {
				ALWAYS_SEARCH_USER_PATHS = NO;
				CLANG_ANALYZER_NONNULL = YES;
				CLANG_ANALYZER_NUMBER_OBJECT_CONVERSION = YES_AGGRESSIVE;
				CLANG_CXX_LANGUAGE_STANDARD = "gnu++14";
				CLANG_CXX_LIBRARY = "libc++";
				CLANG_ENABLE_MODULES = YES;
				CLANG_ENABLE_OBJC_ARC = YES;
				CLANG_ENABLE_OBJC_WEAK = YES;
				CLANG_WARN_BLOCK_CAPTURE_AUTORELEASING = YES;
				CLANG_WARN_BOOL_CONVERSION = YES;
				CLANG_WARN_COMMA = YES;
				CLANG_WARN_CONSTANT_CONVERSION = YES;
				CLANG_WARN_DEPRECATED_OBJC_IMPLEMENTATIONS = YES;
				CLANG_WARN_DIRECT_OBJC_ISA_USAGE = YES_ERROR;
				CLANG_WARN_DOCUMENTATION_COMMENTS = YES;
				CLANG_WARN_EMPTY_BODY = YES;
				CLANG_WARN_ENUM_CONVERSION = YES;
				CLANG_WARN_INFINITE_RECURSION = YES;
				CLANG_WARN_INT_CONVERSION = YES;
				CLANG_WARN_NON_LITERAL_NULL_CONVERSION = YES;
				CLANG_WARN_OBJC_IMPLICIT_RETAIN_SELF = YES;
				CLANG_WARN_OBJC_LITERAL_CONVERSION = YES;
				CLANG_WARN_OBJC_ROOT_CLASS = YES_ERROR;
				CLANG_WARN_QUOTED_INCLUDE_IN_FRAMEWORK_HEADER = YES;
				CLANG_WARN_RANGE_LOOP_ANALYSIS = YES;
				CLANG_WARN_STRICT_PROTOTYPES = YES;
				CLANG_WARN_SUSPICIOUS_MOVE = YES;
				CLANG_WARN_UNGUARDED_AVAILABILITY = YES_AGGRESSIVE;
				CLANG_WARN_UNREACHABLE_CODE = YES;
				CLANG_WARN__DUPLICATE_METHOD_MATCH = YES;
				COPY_PHASE_STRIP = NO;
				DEBUG_INFORMATION_FORMAT = "dwarf-with-dsym";
				ENABLE_NS_ASSERTIONS = NO;
				ENABLE_STRICT_OBJC_MSGSEND = YES;
				GCC_C_LANGUAGE_STANDARD = gnu11;
				GCC_NO_COMMON_BLOCKS = YES;
				GCC_WARN_64_TO_32_BIT_CONVERSION = YES;
				GCC_WARN_ABOUT_RETURN_TYPE = YES_ERROR;
				GCC_WARN_UNDECLARED_SELECTOR = YES;
				GCC_WARN_UNINITIALIZED_AUTOS = YES_AGGRESSIVE;
				GCC_WARN_UNUSED_FUNCTION = YES;
				GCC_WARN_UNUSED_VARIABLE = YES;
				MTL_ENABLE_DEBUG_INFO = NO;
				MTL_FAST_MATH = YES;
				SDKROOT = appletvos;
				SWIFT_COMPILATION_MODE = wholemodule;
				SWIFT_OPTIMIZATION_LEVEL = "-O";
				TVOS_DEPLOYMENT_TARGET = 14.5;
				VALIDATE_PRODUCT = YES;
			};
			name = Release;
		};
		4FF70F092667C94500FDC680 /* Debug */ = {
			isa = XCBuildConfiguration;
			baseConfigurationReference = B81A571045B420005C88AEB5 /* Pods-ClienTV.debug.xcconfig */;
			buildSettings = {
				ALWAYS_EMBED_SWIFT_STANDARD_LIBRARIES = YES;
				ASSETCATALOG_COMPILER_APPICON_NAME = "App Icon & Top Shelf Image";
				ASSETCATALOG_COMPILER_GLOBAL_ACCENT_COLOR_NAME = AccentColor;
				CODE_SIGN_ENTITLEMENTS = ClienTV/ClienTV.entitlements;
				CODE_SIGN_STYLE = Automatic;
				CURRENT_PROJECT_VERSION = 5;
				DEVELOPMENT_TEAM = P53D29U9LJ;
				INFOPLIST_FILE = ClienTV/Info.plist;
				LD_RUNPATH_SEARCH_PATHS = (
					"$(inherited)",
					"@executable_path/Frameworks",
				);
				PRODUCT_BUNDLE_IDENTIFIER = com.pookjw.ClienTV;
				PRODUCT_NAME = "$(TARGET_NAME)";
				SWIFT_VERSION = 5.0;
				TARGETED_DEVICE_FAMILY = 3;
				TVOS_DEPLOYMENT_TARGET = 14.0;
			};
			name = Debug;
		};
		4FF70F0A2667C94500FDC680 /* Release */ = {
			isa = XCBuildConfiguration;
			baseConfigurationReference = E5A8A0B3752122A1B3738CE9 /* Pods-ClienTV.release.xcconfig */;
			buildSettings = {
				ALWAYS_EMBED_SWIFT_STANDARD_LIBRARIES = YES;
				ASSETCATALOG_COMPILER_APPICON_NAME = "App Icon & Top Shelf Image";
				ASSETCATALOG_COMPILER_GLOBAL_ACCENT_COLOR_NAME = AccentColor;
				CODE_SIGN_ENTITLEMENTS = ClienTV/ClienTV.entitlements;
				CODE_SIGN_STYLE = Automatic;
				CURRENT_PROJECT_VERSION = 5;
				DEVELOPMENT_TEAM = P53D29U9LJ;
				INFOPLIST_FILE = ClienTV/Info.plist;
				LD_RUNPATH_SEARCH_PATHS = (
					"$(inherited)",
					"@executable_path/Frameworks",
				);
				PRODUCT_BUNDLE_IDENTIFIER = com.pookjw.ClienTV;
				PRODUCT_NAME = "$(TARGET_NAME)";
				SWIFT_VERSION = 5.0;
				TARGETED_DEVICE_FAMILY = 3;
				TVOS_DEPLOYMENT_TARGET = 14.0;
			};
			name = Release;
		};
		4FF70F0C2667C94500FDC680 /* Debug */ = {
			isa = XCBuildConfiguration;
			buildSettings = {
				ALWAYS_EMBED_SWIFT_STANDARD_LIBRARIES = YES;
				BUNDLE_LOADER = "$(TEST_HOST)";
				CODE_SIGN_STYLE = Automatic;
				DEVELOPMENT_TEAM = P53D29U9LJ;
				INFOPLIST_FILE = ClienTVTests/Info.plist;
				LD_RUNPATH_SEARCH_PATHS = (
					"$(inherited)",
					"@executable_path/Frameworks",
					"@loader_path/Frameworks",
				);
				PRODUCT_BUNDLE_IDENTIFIER = com.pookjw.ClienTVTests;
				PRODUCT_NAME = "$(TARGET_NAME)";
				SWIFT_VERSION = 5.0;
				TARGETED_DEVICE_FAMILY = 3;
				TEST_HOST = "$(BUILT_PRODUCTS_DIR)/ClienTV.app/ClienTV";
				TVOS_DEPLOYMENT_TARGET = 14.5;
			};
			name = Debug;
		};
		4FF70F0D2667C94500FDC680 /* Release */ = {
			isa = XCBuildConfiguration;
			buildSettings = {
				ALWAYS_EMBED_SWIFT_STANDARD_LIBRARIES = YES;
				BUNDLE_LOADER = "$(TEST_HOST)";
				CODE_SIGN_STYLE = Automatic;
				DEVELOPMENT_TEAM = P53D29U9LJ;
				INFOPLIST_FILE = ClienTVTests/Info.plist;
				LD_RUNPATH_SEARCH_PATHS = (
					"$(inherited)",
					"@executable_path/Frameworks",
					"@loader_path/Frameworks",
				);
				PRODUCT_BUNDLE_IDENTIFIER = com.pookjw.ClienTVTests;
				PRODUCT_NAME = "$(TARGET_NAME)";
				SWIFT_VERSION = 5.0;
				TARGETED_DEVICE_FAMILY = 3;
				TEST_HOST = "$(BUILT_PRODUCTS_DIR)/ClienTV.app/ClienTV";
				TVOS_DEPLOYMENT_TARGET = 14.5;
			};
			name = Release;
		};
		4FF70F0F2667C94500FDC680 /* Debug */ = {
			isa = XCBuildConfiguration;
			buildSettings = {
				ALWAYS_EMBED_SWIFT_STANDARD_LIBRARIES = YES;
				CODE_SIGN_STYLE = Automatic;
				DEVELOPMENT_TEAM = P53D29U9LJ;
				INFOPLIST_FILE = ClienTVUITests/Info.plist;
				LD_RUNPATH_SEARCH_PATHS = (
					"$(inherited)",
					"@executable_path/Frameworks",
					"@loader_path/Frameworks",
				);
				PRODUCT_BUNDLE_IDENTIFIER = com.pookjw.ClienTVUITests;
				PRODUCT_NAME = "$(TARGET_NAME)";
				SWIFT_VERSION = 5.0;
				TARGETED_DEVICE_FAMILY = 3;
				TEST_TARGET_NAME = ClienTV;
			};
			name = Debug;
		};
		4FF70F102667C94500FDC680 /* Release */ = {
			isa = XCBuildConfiguration;
			buildSettings = {
				ALWAYS_EMBED_SWIFT_STANDARD_LIBRARIES = YES;
				CODE_SIGN_STYLE = Automatic;
				DEVELOPMENT_TEAM = P53D29U9LJ;
				INFOPLIST_FILE = ClienTVUITests/Info.plist;
				LD_RUNPATH_SEARCH_PATHS = (
					"$(inherited)",
					"@executable_path/Frameworks",
					"@loader_path/Frameworks",
				);
				PRODUCT_BUNDLE_IDENTIFIER = com.pookjw.ClienTVUITests;
				PRODUCT_NAME = "$(TARGET_NAME)";
				SWIFT_VERSION = 5.0;
				TARGETED_DEVICE_FAMILY = 3;
				TEST_TARGET_NAME = ClienTV;
			};
			name = Release;
		};
		4FF70F2E2667C96000FDC680 /* Debug */ = {
			isa = XCBuildConfiguration;
			baseConfigurationReference = AEE0C140C638D78816D93440 /* Pods-ClienTVAPI.debug.xcconfig */;
			buildSettings = {
				CLANG_ENABLE_MODULES = YES;
				CODE_SIGN_STYLE = Automatic;
				CURRENT_PROJECT_VERSION = 5;
				DEFINES_MODULE = YES;
				DEVELOPMENT_TEAM = P53D29U9LJ;
				DYLIB_COMPATIBILITY_VERSION = 1;
				DYLIB_CURRENT_VERSION = 1;
				DYLIB_INSTALL_NAME_BASE = "@rpath";
				INFOPLIST_FILE = ClienTVAPI/Info.plist;
				INSTALL_PATH = "$(LOCAL_LIBRARY_DIR)/Frameworks";
				LD_RUNPATH_SEARCH_PATHS = (
					"$(inherited)",
					"@executable_path/Frameworks",
					"@loader_path/Frameworks",
				);
				PRODUCT_BUNDLE_IDENTIFIER = com.pookjw.ClienTVAPI;
				PRODUCT_NAME = "$(TARGET_NAME:c99extidentifier)";
				SKIP_INSTALL = YES;
				SWIFT_OPTIMIZATION_LEVEL = "-Onone";
				SWIFT_VERSION = 5.0;
				TARGETED_DEVICE_FAMILY = 3;
				TVOS_DEPLOYMENT_TARGET = 14.0;
				VERSIONING_SYSTEM = "apple-generic";
				VERSION_INFO_PREFIX = "";
			};
			name = Debug;
		};
		4FF70F2F2667C96000FDC680 /* Release */ = {
			isa = XCBuildConfiguration;
			baseConfigurationReference = A6DBEB71F1A6D52B31AE3227 /* Pods-ClienTVAPI.release.xcconfig */;
			buildSettings = {
				CLANG_ENABLE_MODULES = YES;
				CODE_SIGN_STYLE = Automatic;
				CURRENT_PROJECT_VERSION = 5;
				DEFINES_MODULE = YES;
				DEVELOPMENT_TEAM = P53D29U9LJ;
				DYLIB_COMPATIBILITY_VERSION = 1;
				DYLIB_CURRENT_VERSION = 1;
				DYLIB_INSTALL_NAME_BASE = "@rpath";
				INFOPLIST_FILE = ClienTVAPI/Info.plist;
				INSTALL_PATH = "$(LOCAL_LIBRARY_DIR)/Frameworks";
				LD_RUNPATH_SEARCH_PATHS = (
					"$(inherited)",
					"@executable_path/Frameworks",
					"@loader_path/Frameworks",
				);
				PRODUCT_BUNDLE_IDENTIFIER = com.pookjw.ClienTVAPI;
				PRODUCT_NAME = "$(TARGET_NAME:c99extidentifier)";
				SKIP_INSTALL = YES;
				SWIFT_VERSION = 5.0;
				TARGETED_DEVICE_FAMILY = 3;
				TVOS_DEPLOYMENT_TARGET = 14.0;
				VERSIONING_SYSTEM = "apple-generic";
				VERSION_INFO_PREFIX = "";
			};
			name = Release;
		};
		4FF70F302667C96000FDC680 /* Debug */ = {
			isa = XCBuildConfiguration;
			buildSettings = {
				ALWAYS_EMBED_SWIFT_STANDARD_LIBRARIES = YES;
				CODE_SIGN_STYLE = Automatic;
				DEVELOPMENT_TEAM = P53D29U9LJ;
				INFOPLIST_FILE = ClienTVAPITests/Info.plist;
				LD_RUNPATH_SEARCH_PATHS = (
					"$(inherited)",
					"@executable_path/Frameworks",
					"@loader_path/Frameworks",
				);
				PRODUCT_BUNDLE_IDENTIFIER = com.pookjw.ClienTVAPITests;
				PRODUCT_NAME = "$(TARGET_NAME)";
				SWIFT_VERSION = 5.0;
				TARGETED_DEVICE_FAMILY = 3;
				TEST_HOST = "$(BUILT_PRODUCTS_DIR)/ClienTV.app/ClienTV";
			};
			name = Debug;
		};
		4FF70F312667C96000FDC680 /* Release */ = {
			isa = XCBuildConfiguration;
			buildSettings = {
				ALWAYS_EMBED_SWIFT_STANDARD_LIBRARIES = YES;
				CODE_SIGN_STYLE = Automatic;
				DEVELOPMENT_TEAM = P53D29U9LJ;
				INFOPLIST_FILE = ClienTVAPITests/Info.plist;
				LD_RUNPATH_SEARCH_PATHS = (
					"$(inherited)",
					"@executable_path/Frameworks",
					"@loader_path/Frameworks",
				);
				PRODUCT_BUNDLE_IDENTIFIER = com.pookjw.ClienTVAPITests;
				PRODUCT_NAME = "$(TARGET_NAME)";
				SWIFT_VERSION = 5.0;
				TARGETED_DEVICE_FAMILY = 3;
				TEST_HOST = "$(BUILT_PRODUCTS_DIR)/ClienTV.app/ClienTV";
			};
			name = Release;
		};
/* End XCBuildConfiguration section */

/* Begin XCConfigurationList section */
		4F10D96F267263380034AA48 /* Build configuration list for PBXNativeTarget "ClienTVTopShelfExtension" */ = {
			isa = XCConfigurationList;
			buildConfigurations = (
				4F10D970267263380034AA48 /* Debug */,
				4F10D971267263380034AA48 /* Release */,
			);
			defaultConfigurationIsVisible = 0;
			defaultConfigurationName = Release;
		};
		4FF70EDB2667C94400FDC680 /* Build configuration list for PBXProject "ClienTV" */ = {
			isa = XCConfigurationList;
			buildConfigurations = (
				4FF70F062667C94500FDC680 /* Debug */,
				4FF70F072667C94500FDC680 /* Release */,
			);
			defaultConfigurationIsVisible = 0;
			defaultConfigurationName = Release;
		};
		4FF70F082667C94500FDC680 /* Build configuration list for PBXNativeTarget "ClienTV" */ = {
			isa = XCConfigurationList;
			buildConfigurations = (
				4FF70F092667C94500FDC680 /* Debug */,
				4FF70F0A2667C94500FDC680 /* Release */,
			);
			defaultConfigurationIsVisible = 0;
			defaultConfigurationName = Release;
		};
		4FF70F0B2667C94500FDC680 /* Build configuration list for PBXNativeTarget "ClienTVTests" */ = {
			isa = XCConfigurationList;
			buildConfigurations = (
				4FF70F0C2667C94500FDC680 /* Debug */,
				4FF70F0D2667C94500FDC680 /* Release */,
			);
			defaultConfigurationIsVisible = 0;
			defaultConfigurationName = Release;
		};
		4FF70F0E2667C94500FDC680 /* Build configuration list for PBXNativeTarget "ClienTVUITests" */ = {
			isa = XCConfigurationList;
			buildConfigurations = (
				4FF70F0F2667C94500FDC680 /* Debug */,
				4FF70F102667C94500FDC680 /* Release */,
			);
			defaultConfigurationIsVisible = 0;
			defaultConfigurationName = Release;
		};
		4FF70F322667C96000FDC680 /* Build configuration list for PBXNativeTarget "ClienTVAPI" */ = {
			isa = XCConfigurationList;
			buildConfigurations = (
				4FF70F2E2667C96000FDC680 /* Debug */,
				4FF70F2F2667C96000FDC680 /* Release */,
			);
			defaultConfigurationIsVisible = 0;
			defaultConfigurationName = Release;
		};
		4FF70F332667C96000FDC680 /* Build configuration list for PBXNativeTarget "ClienTVAPITests" */ = {
			isa = XCConfigurationList;
			buildConfigurations = (
				4FF70F302667C96000FDC680 /* Debug */,
				4FF70F312667C96000FDC680 /* Release */,
			);
			defaultConfigurationIsVisible = 0;
			defaultConfigurationName = Release;
		};
/* End XCConfigurationList section */
	};
	rootObject = 4FF70ED82667C94400FDC680 /* Project object */;
}
